// !$*UTF8*$!
{
	archiveVersion = 1;
	classes = {
	};
	objectVersion = 55;
	objects = {

/* Begin PBXBuildFile section */
		9805D4E627E1C3EF0035FB49 /* MenualSampleApp.swift in Sources */ = {isa = PBXBuildFile; fileRef = 9805D4E527E1C3EF0035FB49 /* MenualSampleApp.swift */; };
		9805D4E827E1C3EF0035FB49 /* ContentView.swift in Sources */ = {isa = PBXBuildFile; fileRef = 9805D4E727E1C3EF0035FB49 /* ContentView.swift */; };
		9805D4EA27E1C3F00035FB49 /* Assets.xcassets in Resources */ = {isa = PBXBuildFile; fileRef = 9805D4E927E1C3F00035FB49 /* Assets.xcassets */; };
		9805D4ED27E1C3F00035FB49 /* Preview Assets.xcassets in Resources */ = {isa = PBXBuildFile; fileRef = 9805D4EC27E1C3F00035FB49 /* Preview Assets.xcassets */; };
		9805D4F727E1C3F00035FB49 /* MenualSampleTests.swift in Sources */ = {isa = PBXBuildFile; fileRef = 9805D4F627E1C3F00035FB49 /* MenualSampleTests.swift */; };
		9805D50127E1C3F00035FB49 /* MenualSampleUITests.swift in Sources */ = {isa = PBXBuildFile; fileRef = 9805D50027E1C3F00035FB49 /* MenualSampleUITests.swift */; };
		9805D50327E1C3F00035FB49 /* MenualSampleUITestsLaunchTests.swift in Sources */ = {isa = PBXBuildFile; fileRef = 9805D50227E1C3F00035FB49 /* MenualSampleUITestsLaunchTests.swift */; };
/* End PBXBuildFile section */

/* Begin PBXContainerItemProxy section */
		9805D4F327E1C3F00035FB49 /* PBXContainerItemProxy */ = {
			isa = PBXContainerItemProxy;
			containerPortal = 9805D4DA27E1C3EF0035FB49 /* Project object */;
			proxyType = 1;
			remoteGlobalIDString = 9805D4E127E1C3EF0035FB49;
			remoteInfo = MenualSample;
		};
		9805D4FD27E1C3F00035FB49 /* PBXContainerItemProxy */ = {
			isa = PBXContainerItemProxy;
			containerPortal = 9805D4DA27E1C3EF0035FB49 /* Project object */;
			proxyType = 1;
			remoteGlobalIDString = 9805D4E127E1C3EF0035FB49;
			remoteInfo = MenualSample;
		};
/* End PBXContainerItemProxy section */

/* Begin PBXFileReference section */
		9805D4E227E1C3EF0035FB49 /* MenualSample.app */ = {isa = PBXFileReference; explicitFileType = wrapper.application; includeInIndex = 0; path = MenualSample.app; sourceTree = BUILT_PRODUCTS_DIR; };
		9805D4E527E1C3EF0035FB49 /* MenualSampleApp.swift */ = {isa = PBXFileReference; lastKnownFileType = sourcecode.swift; path = MenualSampleApp.swift; sourceTree = "<group>"; };
		9805D4E727E1C3EF0035FB49 /* ContentView.swift */ = {isa = PBXFileReference; lastKnownFileType = sourcecode.swift; path = ContentView.swift; sourceTree = "<group>"; };
		9805D4E927E1C3F00035FB49 /* Assets.xcassets */ = {isa = PBXFileReference; lastKnownFileType = folder.assetcatalog; path = Assets.xcassets; sourceTree = "<group>"; };
		9805D4EC27E1C3F00035FB49 /* Preview Assets.xcassets */ = {isa = PBXFileReference; lastKnownFileType = folder.assetcatalog; path = "Preview Assets.xcassets"; sourceTree = "<group>"; };
		9805D4F227E1C3F00035FB49 /* MenualSampleTests.xctest */ = {isa = PBXFileReference; explicitFileType = wrapper.cfbundle; includeInIndex = 0; path = MenualSampleTests.xctest; sourceTree = BUILT_PRODUCTS_DIR; };
		9805D4F627E1C3F00035FB49 /* MenualSampleTests.swift */ = {isa = PBXFileReference; lastKnownFileType = sourcecode.swift; path = MenualSampleTests.swift; sourceTree = "<group>"; };
		9805D4FC27E1C3F00035FB49 /* MenualSampleUITests.xctest */ = {isa = PBXFileReference; explicitFileType = wrapper.cfbundle; includeInIndex = 0; path = MenualSampleUITests.xctest; sourceTree = BUILT_PRODUCTS_DIR; };
		9805D50027E1C3F00035FB49 /* MenualSampleUITests.swift */ = {isa = PBXFileReference; lastKnownFileType = sourcecode.swift; path = MenualSampleUITests.swift; sourceTree = "<group>"; };
		9805D50227E1C3F00035FB49 /* MenualSampleUITestsLaunchTests.swift */ = {isa = PBXFileReference; lastKnownFileType = sourcecode.swift; path = MenualSampleUITestsLaunchTests.swift; sourceTree = "<group>"; };
/* End PBXFileReference section */

/* Begin PBXFrameworksBuildPhase section */
		9805D4DF27E1C3EF0035FB49 /* Frameworks */ = {
			isa = PBXFrameworksBuildPhase;
			buildActionMask = 2147483647;
			files = (
			);
			runOnlyForDeploymentPostprocessing = 0;
		};
		9805D4EF27E1C3F00035FB49 /* Frameworks */ = {
			isa = PBXFrameworksBuildPhase;
			buildActionMask = 2147483647;
			files = (
			);
			runOnlyForDeploymentPostprocessing = 0;
		};
		9805D4F927E1C3F00035FB49 /* Frameworks */ = {
			isa = PBXFrameworksBuildPhase;
			buildActionMask = 2147483647;
			files = (
			);
			runOnlyForDeploymentPostprocessing = 0;
		};
/* End PBXFrameworksBuildPhase section */

/* Begin PBXGroup section */
		9805D4D927E1C3EF0035FB49 = {
			isa = PBXGroup;
			children = (
				9805D4E427E1C3EF0035FB49 /* MenualSample */,
				9805D4F527E1C3F00035FB49 /* MenualSampleTests */,
				9805D4FF27E1C3F00035FB49 /* MenualSampleUITests */,
				9805D4E327E1C3EF0035FB49 /* Products */,
			);
			sourceTree = "<group>";
		};
		9805D4E327E1C3EF0035FB49 /* Products */ = {
			isa = PBXGroup;
			children = (
				9805D4E227E1C3EF0035FB49 /* MenualSample.app */,
				9805D4F227E1C3F00035FB49 /* MenualSampleTests.xctest */,
				9805D4FC27E1C3F00035FB49 /* MenualSampleUITests.xctest */,
			);
			name = Products;
			sourceTree = "<group>";
		};
		9805D4E427E1C3EF0035FB49 /* MenualSample */ = {
			isa = PBXGroup;
			children = (
				9805D4E527E1C3EF0035FB49 /* MenualSampleApp.swift */,
				9805D4E727E1C3EF0035FB49 /* ContentView.swift */,
				9805D4E927E1C3F00035FB49 /* Assets.xcassets */,
				9805D4EB27E1C3F00035FB49 /* Preview Content */,
			);
			path = MenualSample;
			sourceTree = "<group>";
		};
		9805D4EB27E1C3F00035FB49 /* Preview Content */ = {
			isa = PBXGroup;
			children = (
				9805D4EC27E1C3F00035FB49 /* Preview Assets.xcassets */,
			);
			path = "Preview Content";
			sourceTree = "<group>";
		};
		9805D4F527E1C3F00035FB49 /* MenualSampleTests */ = {
			isa = PBXGroup;
			children = (
				9805D4F627E1C3F00035FB49 /* MenualSampleTests.swift */,
			);
			path = MenualSampleTests;
			sourceTree = "<group>";
		};
		9805D4FF27E1C3F00035FB49 /* MenualSampleUITests */ = {
			isa = PBXGroup;
			children = (
				9805D50027E1C3F00035FB49 /* MenualSampleUITests.swift */,
				9805D50227E1C3F00035FB49 /* MenualSampleUITestsLaunchTests.swift */,
			);
			path = MenualSampleUITests;
			sourceTree = "<group>";
		};
/* End PBXGroup section */

/* Begin PBXNativeTarget section */
		9805D4E127E1C3EF0035FB49 /* MenualSample */ = {
			isa = PBXNativeTarget;
			buildConfigurationList = 9805D50627E1C3F00035FB49 /* Build configuration list for PBXNativeTarget "MenualSample" */;
			buildPhases = (
				9805D4DE27E1C3EF0035FB49 /* Sources */,
				9805D4DF27E1C3EF0035FB49 /* Frameworks */,
				9805D4E027E1C3EF0035FB49 /* Resources */,
			);
			buildRules = (
			);
			dependencies = (
			);
			name = MenualSample;
			productName = MenualSample;
			productReference = 9805D4E227E1C3EF0035FB49 /* MenualSample.app */;
			productType = "com.apple.product-type.application";
		};
		9805D4F127E1C3F00035FB49 /* MenualSampleTests */ = {
			isa = PBXNativeTarget;
			buildConfigurationList = 9805D50927E1C3F00035FB49 /* Build configuration list for PBXNativeTarget "MenualSampleTests" */;
			buildPhases = (
				9805D4EE27E1C3F00035FB49 /* Sources */,
				9805D4EF27E1C3F00035FB49 /* Frameworks */,
				9805D4F027E1C3F00035FB49 /* Resources */,
			);
			buildRules = (
			);
			dependencies = (
				9805D4F427E1C3F00035FB49 /* PBXTargetDependency */,
			);
			name = MenualSampleTests;
			productName = MenualSampleTests;
			productReference = 9805D4F227E1C3F00035FB49 /* MenualSampleTests.xctest */;
			productType = "com.apple.product-type.bundle.unit-test";
		};
		9805D4FB27E1C3F00035FB49 /* MenualSampleUITests */ = {
			isa = PBXNativeTarget;
			buildConfigurationList = 9805D50C27E1C3F00035FB49 /* Build configuration list for PBXNativeTarget "MenualSampleUITests" */;
			buildPhases = (
				9805D4F827E1C3F00035FB49 /* Sources */,
				9805D4F927E1C3F00035FB49 /* Frameworks */,
				9805D4FA27E1C3F00035FB49 /* Resources */,
			);
			buildRules = (
			);
			dependencies = (
				9805D4FE27E1C3F00035FB49 /* PBXTargetDependency */,
			);
			name = MenualSampleUITests;
			productName = MenualSampleUITests;
			productReference = 9805D4FC27E1C3F00035FB49 /* MenualSampleUITests.xctest */;
			productType = "com.apple.product-type.bundle.ui-testing";
		};
/* End PBXNativeTarget section */

/* Begin PBXProject section */
		9805D4DA27E1C3EF0035FB49 /* Project object */ = {
			isa = PBXProject;
			attributes = {
				BuildIndependentTargetsInParallel = 1;
				LastSwiftUpdateCheck = 1320;
				LastUpgradeCheck = 1320;
				TargetAttributes = {
					9805D4E127E1C3EF0035FB49 = {
						CreatedOnToolsVersion = 13.2.1;
					};
					9805D4F127E1C3F00035FB49 = {
						CreatedOnToolsVersion = 13.2.1;
						TestTargetID = 9805D4E127E1C3EF0035FB49;
					};
					9805D4FB27E1C3F00035FB49 = {
						CreatedOnToolsVersion = 13.2.1;
						TestTargetID = 9805D4E127E1C3EF0035FB49;
					};
				};
			};
			buildConfigurationList = 9805D4DD27E1C3EF0035FB49 /* Build configuration list for PBXProject "MenualSample" */;
			compatibilityVersion = "Xcode 13.0";
			developmentRegion = en;
			hasScannedForEncodings = 0;
			knownRegions = (
				en,
				Base,
			);
			mainGroup = 9805D4D927E1C3EF0035FB49;
			productRefGroup = 9805D4E327E1C3EF0035FB49 /* Products */;
			projectDirPath = "";
			projectRoot = "";
			targets = (
				9805D4E127E1C3EF0035FB49 /* MenualSample */,
				9805D4F127E1C3F00035FB49 /* MenualSampleTests */,
				9805D4FB27E1C3F00035FB49 /* MenualSampleUITests */,
			);
		};
/* End PBXProject section */

/* Begin PBXResourcesBuildPhase section */
		9805D4E027E1C3EF0035FB49 /* Resources */ = {
			isa = PBXResourcesBuildPhase;
			buildActionMask = 2147483647;
			files = (
				9805D4ED27E1C3F00035FB49 /* Preview Assets.xcassets in Resources */,
				9805D4EA27E1C3F00035FB49 /* Assets.xcassets in Resources */,
			);
			runOnlyForDeploymentPostprocessing = 0;
		};
		9805D4F027E1C3F00035FB49 /* Resources */ = {
			isa = PBXResourcesBuildPhase;
			buildActionMask = 2147483647;
			files = (
			);
			runOnlyForDeploymentPostprocessing = 0;
		};
		9805D4FA27E1C3F00035FB49 /* Resources */ = {
			isa = PBXResourcesBuildPhase;
			buildActionMask = 2147483647;
			files = (
			);
			runOnlyForDeploymentPostprocessing = 0;
		};
/* End PBXResourcesBuildPhase section */

/* Begin PBXSourcesBuildPhase section */
		9805D4DE27E1C3EF0035FB49 /* Sources */ = {
			isa = PBXSourcesBuildPhase;
			buildActionMask = 2147483647;
			files = (
				9805D4E827E1C3EF0035FB49 /* ContentView.swift in Sources */,
				9805D4E627E1C3EF0035FB49 /* MenualSampleApp.swift in Sources */,
			);
			runOnlyForDeploymentPostprocessing = 0;
		};
		9805D4EE27E1C3F00035FB49 /* Sources */ = {
			isa = PBXSourcesBuildPhase;
			buildActionMask = 2147483647;
			files = (
				9805D4F727E1C3F00035FB49 /* MenualSampleTests.swift in Sources */,
			);
			runOnlyForDeploymentPostprocessing = 0;
		};
		9805D4F827E1C3F00035FB49 /* Sources */ = {
			isa = PBXSourcesBuildPhase;
			buildActionMask = 2147483647;
			files = (
				9805D50327E1C3F00035FB49 /* MenualSampleUITestsLaunchTests.swift in Sources */,
				9805D50127E1C3F00035FB49 /* MenualSampleUITests.swift in Sources */,
			);
			runOnlyForDeploymentPostprocessing = 0;
		};
/* End PBXSourcesBuildPhase section */

/* Begin PBXTargetDependency section */
		9805D4F427E1C3F00035FB49 /* PBXTargetDependency */ = {
			isa = PBXTargetDependency;
			target = 9805D4E127E1C3EF0035FB49 /* MenualSample */;
			targetProxy = 9805D4F327E1C3F00035FB49 /* PBXContainerItemProxy */;
		};
		9805D4FE27E1C3F00035FB49 /* PBXTargetDependency */ = {
			isa = PBXTargetDependency;
			target = 9805D4E127E1C3EF0035FB49 /* MenualSample */;
			targetProxy = 9805D4FD27E1C3F00035FB49 /* PBXContainerItemProxy */;
		};
/* End PBXTargetDependency section */

/* Begin XCBuildConfiguration section */
		9805D50427E1C3F00035FB49 /* Debug */ = {
			isa = XCBuildConfiguration;
			buildSettings = {
				ALWAYS_SEARCH_USER_PATHS = NO;
				CLANG_ANALYZER_NONNULL = YES;
				CLANG_ANALYZER_NUMBER_OBJECT_CONVERSION = YES_AGGRESSIVE;
				CLANG_CXX_LANGUAGE_STANDARD = "gnu++17";
				CLANG_CXX_LIBRARY = "libc++";
				CLANG_ENABLE_MODULES = YES;
				CLANG_ENABLE_OBJC_ARC = YES;
				CLANG_ENABLE_OBJC_WEAK = YES;
				CLANG_WARN_BLOCK_CAPTURE_AUTORELEASING = YES;
				CLANG_WARN_BOOL_CONVERSION = YES;
				CLANG_WARN_COMMA = YES;
				CLANG_WARN_CONSTANT_CONVERSION = YES;
				CLANG_WARN_DEPRECATED_OBJC_IMPLEMENTATIONS = YES;
				CLANG_WARN_DIRECT_OBJC_ISA_USAGE = YES_ERROR;
				CLANG_WARN_DOCUMENTATION_COMMENTS = YES;
				CLANG_WARN_EMPTY_BODY = YES;
				CLANG_WARN_ENUM_CONVERSION = YES;
				CLANG_WARN_INFINITE_RECURSION = YES;
				CLANG_WARN_INT_CONVERSION = YES;
				CLANG_WARN_NON_LITERAL_NULL_CONVERSION = YES;
				CLANG_WARN_OBJC_IMPLICIT_RETAIN_SELF = YES;
				CLANG_WARN_OBJC_LITERAL_CONVERSION = YES;
				CLANG_WARN_OBJC_ROOT_CLASS = YES_ERROR;
				CLANG_WARN_QUOTED_INCLUDE_IN_FRAMEWORK_HEADER = YES;
				CLANG_WARN_RANGE_LOOP_ANALYSIS = YES;
				CLANG_WARN_STRICT_PROTOTYPES = YES;
				CLANG_WARN_SUSPICIOUS_MOVE = YES;
				CLANG_WARN_UNGUARDED_AVAILABILITY = YES_AGGRESSIVE;
				CLANG_WARN_UNREACHABLE_CODE = YES;
				CLANG_WARN__DUPLICATE_METHOD_MATCH = YES;
				COPY_PHASE_STRIP = NO;
				DEBUG_INFORMATION_FORMAT = dwarf;
				ENABLE_STRICT_OBJC_MSGSEND = YES;
				ENABLE_TESTABILITY = YES;
				GCC_C_LANGUAGE_STANDARD = gnu11;
				GCC_DYNAMIC_NO_PIC = NO;
				GCC_NO_COMMON_BLOCKS = YES;
				GCC_OPTIMIZATION_LEVEL = 0;
				GCC_PREPROCESSOR_DEFINITIONS = (
					"DEBUG=1",
					"$(inherited)",
				);
				GCC_WARN_64_TO_32_BIT_CONVERSION = YES;
				GCC_WARN_ABOUT_RETURN_TYPE = YES_ERROR;
				GCC_WARN_UNDECLARED_SELECTOR = YES;
				GCC_WARN_UNINITIALIZED_AUTOS = YES_AGGRESSIVE;
				GCC_WARN_UNUSED_FUNCTION = YES;
				GCC_WARN_UNUSED_VARIABLE = YES;
				IPHONEOS_DEPLOYMENT_TARGET = 15.2;
				MTL_ENABLE_DEBUG_INFO = INCLUDE_SOURCE;
				MTL_FAST_MATH = YES;
				ONLY_ACTIVE_ARCH = YES;
				SDKROOT = iphoneos;
				SWIFT_ACTIVE_COMPILATION_CONDITIONS = DEBUG;
				SWIFT_OPTIMIZATION_LEVEL = "-Onone";
			};
			name = Debug;
		};
		9805D50527E1C3F00035FB49 /* Release */ = {
			isa = XCBuildConfiguration;
			buildSettings = {
				ALWAYS_SEARCH_USER_PATHS = NO;
				CLANG_ANALYZER_NONNULL = YES;
				CLANG_ANALYZER_NUMBER_OBJECT_CONVERSION = YES_AGGRESSIVE;
				CLANG_CXX_LANGUAGE_STANDARD = "gnu++17";
				CLANG_CXX_LIBRARY = "libc++";
				CLANG_ENABLE_MODULES = YES;
				CLANG_ENABLE_OBJC_ARC = YES;
				CLANG_ENABLE_OBJC_WEAK = YES;
				CLANG_WARN_BLOCK_CAPTURE_AUTORELEASING = YES;
				CLANG_WARN_BOOL_CONVERSION = YES;
				CLANG_WARN_COMMA = YES;
				CLANG_WARN_CONSTANT_CONVERSION = YES;
				CLANG_WARN_DEPRECATED_OBJC_IMPLEMENTATIONS = YES;
				CLANG_WARN_DIRECT_OBJC_ISA_USAGE = YES_ERROR;
				CLANG_WARN_DOCUMENTATION_COMMENTS = YES;
				CLANG_WARN_EMPTY_BODY = YES;
				CLANG_WARN_ENUM_CONVERSION = YES;
				CLANG_WARN_INFINITE_RECURSION = YES;
				CLANG_WARN_INT_CONVERSION = YES;
				CLANG_WARN_NON_LITERAL_NULL_CONVERSION = YES;
				CLANG_WARN_OBJC_IMPLICIT_RETAIN_SELF = YES;
				CLANG_WARN_OBJC_LITERAL_CONVERSION = YES;
				CLANG_WARN_OBJC_ROOT_CLASS = YES_ERROR;
				CLANG_WARN_QUOTED_INCLUDE_IN_FRAMEWORK_HEADER = YES;
				CLANG_WARN_RANGE_LOOP_ANALYSIS = YES;
				CLANG_WARN_STRICT_PROTOTYPES = YES;
				CLANG_WARN_SUSPICIOUS_MOVE = YES;
				CLANG_WARN_UNGUARDED_AVAILABILITY = YES_AGGRESSIVE;
				CLANG_WARN_UNREACHABLE_CODE = YES;
				CLANG_WARN__DUPLICATE_METHOD_MATCH = YES;
				COPY_PHASE_STRIP = NO;
				DEBUG_INFORMATION_FORMAT = "dwarf-with-dsym";
				ENABLE_NS_ASSERTIONS = NO;
				ENABLE_STRICT_OBJC_MSGSEND = YES;
				GCC_C_LANGUAGE_STANDARD = gnu11;
				GCC_NO_COMMON_BLOCKS = YES;
				GCC_WARN_64_TO_32_BIT_CONVERSION = YES;
				GCC_WARN_ABOUT_RETURN_TYPE = YES_ERROR;
				GCC_WARN_UNDECLARED_SELECTOR = YES;
				GCC_WARN_UNINITIALIZED_AUTOS = YES_AGGRESSIVE;
				GCC_WARN_UNUSED_FUNCTION = YES;
				GCC_WARN_UNUSED_VARIABLE = YES;
				IPHONEOS_DEPLOYMENT_TARGET = 15.2;
				MTL_ENABLE_DEBUG_INFO = NO;
				MTL_FAST_MATH = YES;
				SDKROOT = iphoneos;
				SWIFT_COMPILATION_MODE = wholemodule;
				SWIFT_OPTIMIZATION_LEVEL = "-O";
				VALIDATE_PRODUCT = YES;
			};
			name = Release;
		};
		9805D50727E1C3F00035FB49 /* Debug */ = {
			isa = XCBuildConfiguration;
			buildSettings = {
				ASSETCATALOG_COMPILER_APPICON_NAME = AppIcon;
				ASSETCATALOG_COMPILER_GLOBAL_ACCENT_COLOR_NAME = AccentColor;
				CODE_SIGN_STYLE = Automatic;
				CURRENT_PROJECT_VERSION = 1;
				DEVELOPMENT_ASSET_PATHS = "\"MenualSample/Preview Content\"";
				DEVELOPMENT_TEAM = V237TD2AXA;
				ENABLE_PREVIEWS = YES;
				GENERATE_INFOPLIST_FILE = YES;
				INFOPLIST_KEY_UIApplicationSceneManifest_Generation = YES;
				INFOPLIST_KEY_UIApplicationSupportsIndirectInputEvents = YES;
				INFOPLIST_KEY_UILaunchScreen_Generation = YES;
				INFOPLIST_KEY_UISupportedInterfaceOrientations_iPad = "UIInterfaceOrientationPortrait UIInterfaceOrientationPortraitUpsideDown UIInterfaceOrientationLandscapeLeft UIInterfaceOrientationLandscapeRight";
				INFOPLIST_KEY_UISupportedInterfaceOrientations_iPhone = "UIInterfaceOrientationPortrait UIInterfaceOrientationLandscapeLeft UIInterfaceOrientationLandscapeRight";
				LD_RUNPATH_SEARCH_PATHS = (
					"$(inherited)",
					"@executable_path/Frameworks",
				);
				MARKETING_VERSION = 1.0;
				PRODUCT_BUNDLE_IDENTIFIER = com.jjikkyu.MenualSample;
				PRODUCT_NAME = "$(TARGET_NAME)";
				SWIFT_EMIT_LOC_STRINGS = YES;
				SWIFT_VERSION = 5.0;
				TARGETED_DEVICE_FAMILY = "1,2";
			};
			name = Debug;
		};
		9805D50827E1C3F00035FB49 /* Release */ = {
			isa = XCBuildConfiguration;
			buildSettings = {
				ASSETCATALOG_COMPILER_APPICON_NAME = AppIcon;
				ASSETCATALOG_COMPILER_GLOBAL_ACCENT_COLOR_NAME = AccentColor;
				CODE_SIGN_STYLE = Automatic;
				CURRENT_PROJECT_VERSION = 1;
				DEVELOPMENT_ASSET_PATHS = "\"MenualSample/Preview Content\"";
				DEVELOPMENT_TEAM = V237TD2AXA;
				ENABLE_PREVIEWS = YES;
				GENERATE_INFOPLIST_FILE = YES;
				INFOPLIST_KEY_UIApplicationSceneManifest_Generation = YES;
				INFOPLIST_KEY_UIApplicationSupportsIndirectInputEvents = YES;
				INFOPLIST_KEY_UILaunchScreen_Generation = YES;
				INFOPLIST_KEY_UISupportedInterfaceOrientations_iPad = "UIInterfaceOrientationPortrait UIInterfaceOrientationPortraitUpsideDown UIInterfaceOrientationLandscapeLeft UIInterfaceOrientationLandscapeRight";
				INFOPLIST_KEY_UISupportedInterfaceOrientations_iPhone = "UIInterfaceOrientationPortrait UIInterfaceOrientationLandscapeLeft UIInterfaceOrientationLandscapeRight";
				LD_RUNPATH_SEARCH_PATHS = (
					"$(inherited)",
					"@executable_path/Frameworks",
				);
				MARKETING_VERSION = 1.0;
				PRODUCT_BUNDLE_IDENTIFIER = com.jjikkyu.MenualSample;
				PRODUCT_NAME = "$(TARGET_NAME)";
				SWIFT_EMIT_LOC_STRINGS = YES;
				SWIFT_VERSION = 5.0;
				TARGETED_DEVICE_FAMILY = "1,2";
			};
			name = Release;
		};
		9805D50A27E1C3F00035FB49 /* Debug */ = {
			isa = XCBuildConfiguration;
			buildSettings = {
				ALWAYS_EMBED_SWIFT_STANDARD_LIBRARIES = YES;
				BUNDLE_LOADER = "$(TEST_HOST)";
				CODE_SIGN_STYLE = Automatic;
				CURRENT_PROJECT_VERSION = 1;
				DEVELOPMENT_TEAM = V237TD2AXA;
				GENERATE_INFOPLIST_FILE = YES;
				IPHONEOS_DEPLOYMENT_TARGET = 15.2;
				MARKETING_VERSION = 1.0;
				PRODUCT_BUNDLE_IDENTIFIER = com.jjikkyu.MenualSampleTests;
				PRODUCT_NAME = "$(TARGET_NAME)";
				SWIFT_EMIT_LOC_STRINGS = NO;
				SWIFT_VERSION = 5.0;
				TARGETED_DEVICE_FAMILY = "1,2";
				TEST_HOST = "$(BUILT_PRODUCTS_DIR)/MenualSample.app/MenualSample";
			};
			name = Debug;
		};
		9805D50B27E1C3F00035FB49 /* Release */ = {
			isa = XCBuildConfiguration;
			buildSettings = {
				ALWAYS_EMBED_SWIFT_STANDARD_LIBRARIES = YES;
				BUNDLE_LOADER = "$(TEST_HOST)";
				CODE_SIGN_STYLE = Automatic;
				CURRENT_PROJECT_VERSION = 1;
				DEVELOPMENT_TEAM = V237TD2AXA;
				GENERATE_INFOPLIST_FILE = YES;
				IPHONEOS_DEPLOYMENT_TARGET = 15.2;
				MARKETING_VERSION = 1.0;
				PRODUCT_BUNDLE_IDENTIFIER = com.jjikkyu.MenualSampleTests;
				PRODUCT_NAME = "$(TARGET_NAME)";
				SWIFT_EMIT_LOC_STRINGS = NO;
				SWIFT_VERSION = 5.0;
				TARGETED_DEVICE_FAMILY = "1,2";
				TEST_HOST = "$(BUILT_PRODUCTS_DIR)/MenualSample.app/MenualSample";
			};
			name = Release;
		};
		9805D50D27E1C3F00035FB49 /* Debug */ = {
			isa = XCBuildConfiguration;
			buildSettings = {
				ALWAYS_EMBED_SWIFT_STANDARD_LIBRARIES = YES;
				CODE_SIGN_STYLE = Automatic;
				CURRENT_PROJECT_VERSION = 1;
				DEVELOPMENT_TEAM = V237TD2AXA;
				GENERATE_INFOPLIST_FILE = YES;
				MARKETING_VERSION = 1.0;
				PRODUCT_BUNDLE_IDENTIFIER = com.jjikkyu.MenualSampleUITests;
				PRODUCT_NAME = "$(TARGET_NAME)";
				SWIFT_EMIT_LOC_STRINGS = NO;
				SWIFT_VERSION = 5.0;
				TARGETED_DEVICE_FAMILY = "1,2";
				TEST_TARGET_NAME = MenualSample;
			};
			name = Debug;
		};
		9805D50E27E1C3F00035FB49 /* Release */ = {
			isa = XCBuildConfiguration;
			buildSettings = {
				ALWAYS_EMBED_SWIFT_STANDARD_LIBRARIES = YES;
				CODE_SIGN_STYLE = Automatic;
				CURRENT_PROJECT_VERSION = 1;
				DEVELOPMENT_TEAM = V237TD2AXA;
				GENERATE_INFOPLIST_FILE = YES;
				MARKETING_VERSION = 1.0;
				PRODUCT_BUNDLE_IDENTIFIER = com.jjikkyu.MenualSampleUITests;
				PRODUCT_NAME = "$(TARGET_NAME)";
				SWIFT_EMIT_LOC_STRINGS = NO;
				SWIFT_VERSION = 5.0;
				TARGETED_DEVICE_FAMILY = "1,2";
				TEST_TARGET_NAME = MenualSample;
			};
			name = Release;
		};
/* End XCBuildConfiguration section */

/* Begin XCConfigurationList section */
		9805D4DD27E1C3EF0035FB49 /* Build configuration list for PBXProject "MenualSample" */ = {
			isa = XCConfigurationList;
			buildConfigurations = (
				9805D50427E1C3F00035FB49 /* Debug */,
				9805D50527E1C3F00035FB49 /* Release */,
			);
			defaultConfigurationIsVisible = 0;
			defaultConfigurationName = Release;
		};
		9805D50627E1C3F00035FB49 /* Build configuration list for PBXNativeTarget "MenualSample" */ = {
			isa = XCConfigurationList;
			buildConfigurations = (
				9805D50727E1C3F00035FB49 /* Debug */,
				9805D50827E1C3F00035FB49 /* Release */,
			);
			defaultConfigurationIsVisible = 0;
			defaultConfigurationName = Release;
		};
		9805D50927E1C3F00035FB49 /* Build configuration list for PBXNativeTarget "MenualSampleTests" */ = {
			isa = XCConfigurationList;
			buildConfigurations = (
				9805D50A27E1C3F00035FB49 /* Debug */,
				9805D50B27E1C3F00035FB49 /* Release */,
			);
			defaultConfigurationIsVisible = 0;
			defaultConfigurationName = Release;
		};
		9805D50C27E1C3F00035FB49 /* Build configuration list for PBXNativeTarget "MenualSampleUITests" */ = {
			isa = XCConfigurationList;
			buildConfigurations = (
				9805D50D27E1C3F00035FB49 /* Debug */,
				9805D50E27E1C3F00035FB49 /* Release */,
			);
			defaultConfigurationIsVisible = 0;
			defaultConfigurationName = Release;
		};
/* End XCConfigurationList section */
	};
	rootObject = 9805D4DA27E1C3EF0035FB49 /* Project object */;
}
