// !$*UTF8*$!
{
	archiveVersion = 1;
	classes = {
	};
	objectVersion = 55;
	objects = {

/* Begin PBXBuildFile section */
		98100498297AB53800820867 /* DiaryBottomSheet in Frameworks */ = {isa = PBXBuildFile; productRef = 98100497297AB53800820867 /* DiaryBottomSheet */; };
		9810049A297AB53800820867 /* DiaryDetail in Frameworks */ = {isa = PBXBuildFile; productRef = 98100499297AB53800820867 /* DiaryDetail */; };
		9810049C297AB53800820867 /* DiaryDetailImage in Frameworks */ = {isa = PBXBuildFile; productRef = 9810049B297AB53800820867 /* DiaryDetailImage */; };
		9810049E297AB53800820867 /* DiaryHome in Frameworks */ = {isa = PBXBuildFile; productRef = 9810049D297AB53800820867 /* DiaryHome */; };
		981004A0297AB53800820867 /* DiarySearch in Frameworks */ = {isa = PBXBuildFile; productRef = 9810049F297AB53800820867 /* DiarySearch */; };
		981004A2297AB53800820867 /* DiaryTempSave in Frameworks */ = {isa = PBXBuildFile; productRef = 981004A1297AB53800820867 /* DiaryTempSave */; };
		981004A4297AB53800820867 /* DiaryWriting in Frameworks */ = {isa = PBXBuildFile; productRef = 981004A3297AB53800820867 /* DiaryWriting */; };
		981004A6297AB63A00820867 /* ProfileDesignSystem in Frameworks */ = {isa = PBXBuildFile; productRef = 981004A5297AB63A00820867 /* ProfileDesignSystem */; };
		98281ECA278AC6A900736D59 /* GoogleService-Info.plist in Resources */ = {isa = PBXBuildFile; fileRef = 98281EC9278AC6A900736D59 /* GoogleService-Info.plist */; };
		982A7C06298FA2DE007AD7C2 /* MenualRepositoryTestSupport in Frameworks */ = {isa = PBXBuildFile; productRef = 982A7C05298FA2DE007AD7C2 /* MenualRepositoryTestSupport */; };
		985DE96D297401C700F9E7AD /* Realm in Frameworks */ = {isa = PBXBuildFile; productRef = 985DE96C297401C700F9E7AD /* Realm */; };
		985DE96F297401C700F9E7AD /* RealmSwift in Frameworks */ = {isa = PBXBuildFile; productRef = 985DE96E297401C700F9E7AD /* RealmSwift */; };
		985DE9722974028500F9E7AD /* ZipArchive in Frameworks */ = {isa = PBXBuildFile; productRef = 985DE9712974028500F9E7AD /* ZipArchive */; };
		985DE9752974036800F9E7AD /* FirebaseAnalytics in Frameworks */ = {isa = PBXBuildFile; productRef = 985DE9742974036800F9E7AD /* FirebaseAnalytics */; };
		985DE9772974036800F9E7AD /* FirebaseAnalyticsSwift in Frameworks */ = {isa = PBXBuildFile; productRef = 985DE9762974036800F9E7AD /* FirebaseAnalyticsSwift */; };
		986EE7D32A06608D00A506DF /* SwiftyStoreKit in Frameworks */ = {isa = PBXBuildFile; productRef = 986EE7D22A06608D00A506DF /* SwiftyStoreKit */; };
		986EE7D62A06652000A506DF /* Swinject in Frameworks */ = {isa = PBXBuildFile; productRef = 986EE7D52A06652000A506DF /* Swinject */; };
		98703A1A297A8ABE006C805D /* ProfileOpensource in Frameworks */ = {isa = PBXBuildFile; productRef = 98703A19297A8ABE006C805D /* ProfileOpensource */; };
		98763D83299A811200EFA01B /* splashMenual.png in Resources */ = {isa = PBXBuildFile; fileRef = 98763D80299A811200EFA01B /* splashMenual.png */; };
		98763D84299A811200EFA01B /* splashMenual@2x.png in Resources */ = {isa = PBXBuildFile; fileRef = 98763D81299A811200EFA01B /* splashMenual@2x.png */; };
		98763D85299A811200EFA01B /* splashMenual@3x.png in Resources */ = {isa = PBXBuildFile; fileRef = 98763D82299A811200EFA01B /* splashMenual@3x.png */; };
		98763D86299A8B6800EFA01B /* Launch Screen.storyboard in Resources */ = {isa = PBXBuildFile; fileRef = 98763D88299A8B6800EFA01B /* Launch Screen.storyboard */; };
		98763D95299BE6EA00EFA01B /* SplashRouter.swift in Sources */ = {isa = PBXBuildFile; fileRef = 98763D91299BE6EA00EFA01B /* SplashRouter.swift */; };
		98763D96299BE6EA00EFA01B /* SplashViewController.swift in Sources */ = {isa = PBXBuildFile; fileRef = 98763D92299BE6EA00EFA01B /* SplashViewController.swift */; };
		98763D97299BE6EA00EFA01B /* SplashBuilder.swift in Sources */ = {isa = PBXBuildFile; fileRef = 98763D93299BE6EA00EFA01B /* SplashBuilder.swift */; };
		98763D98299BE6EA00EFA01B /* SplashInteractor.swift in Sources */ = {isa = PBXBuildFile; fileRef = 98763D94299BE6EA00EFA01B /* SplashInteractor.swift */; };
		9888DDDD27646EFF0091918F /* AppDelegate.swift in Sources */ = {isa = PBXBuildFile; fileRef = 9888DDDC27646EFF0091918F /* AppDelegate.swift */; };
		9888DDE627646F000091918F /* Assets.xcassets in Resources */ = {isa = PBXBuildFile; fileRef = 9888DDE527646F000091918F /* Assets.xcassets */; };
		9888DDFE27646F000091918F /* MenualUITests.swift in Sources */ = {isa = PBXBuildFile; fileRef = 9888DDFD27646F000091918F /* MenualUITests.swift */; };
		9888DE0027646F000091918F /* MenualUITestsLaunchTests.swift in Sources */ = {isa = PBXBuildFile; fileRef = 9888DDFF27646F000091918F /* MenualUITestsLaunchTests.swift */; };
		9888DE142764825F0091918F /* AppRootRouter.swift in Sources */ = {isa = PBXBuildFile; fileRef = 9888DE112764825F0091918F /* AppRootRouter.swift */; };
		9888DE152764825F0091918F /* AppRootBuilder.swift in Sources */ = {isa = PBXBuildFile; fileRef = 9888DE122764825F0091918F /* AppRootBuilder.swift */; };
		9888DE162764825F0091918F /* AppRootInteractor.swift in Sources */ = {isa = PBXBuildFile; fileRef = 9888DE132764825F0091918F /* AppRootInteractor.swift */; };
		9888DE19276482CC0091918F /* AppComponent.swift in Sources */ = {isa = PBXBuildFile; fileRef = 9888DE18276482CC0091918F /* AppComponent.swift */; };
		9888DE1B276483DD0091918F /* AppRootComponent.swift in Sources */ = {isa = PBXBuildFile; fileRef = 9888DE1A276483DD0091918F /* AppRootComponent.swift */; };
		9888DE1D276484950091918F /* RootTabBarController.swift in Sources */ = {isa = PBXBuildFile; fileRef = 9888DE1C276484950091918F /* RootTabBarController.swift */; };
		988A1879278AD17500DF81DA /* AppRootViewController.swift in Sources */ = {isa = PBXBuildFile; fileRef = 988A1878278AD17500DF81DA /* AppRootViewController.swift */; };
		98935C8129744CA800AA3A29 /* DesignSystem in Frameworks */ = {isa = PBXBuildFile; productRef = 98935C8029744CA800AA3A29 /* DesignSystem */; };
		98A259A7297A9DEA009D3C2D /* MenualRepository in Frameworks */ = {isa = PBXBuildFile; productRef = 98A259A6297A9DEA009D3C2D /* MenualRepository */; };
		98A259A9297AA082009D3C2D /* ProfileDeveloper in Frameworks */ = {isa = PBXBuildFile; productRef = 98A259A8297AA082009D3C2D /* ProfileDeveloper */; };
		98A259AB297AA082009D3C2D /* ProfileHome in Frameworks */ = {isa = PBXBuildFile; productRef = 98A259AA297AA082009D3C2D /* ProfileHome */; };
		98A2BDA3280AD96200C1FB92 /* CloudKit.framework in Frameworks */ = {isa = PBXBuildFile; fileRef = 98A2BDA2280AD96200C1FB92 /* CloudKit.framework */; };
		98A6E1E12973FDD4008CF101 /* Then in Frameworks */ = {isa = PBXBuildFile; productRef = 98A6E1E02973FDD4008CF101 /* Then */; };
		98A6E1E42973FDF2008CF101 /* RxCocoa in Frameworks */ = {isa = PBXBuildFile; productRef = 98A6E1E32973FDF2008CF101 /* RxCocoa */; };
		98A6E1E62973FDF2008CF101 /* RxRelay in Frameworks */ = {isa = PBXBuildFile; productRef = 98A6E1E52973FDF2008CF101 /* RxRelay */; };
		98A6E1E82973FDF2008CF101 /* RxSwift in Frameworks */ = {isa = PBXBuildFile; productRef = 98A6E1E72973FDF2008CF101 /* RxSwift */; };
		98A6E1F02974003C008CF101 /* RIBs in Frameworks */ = {isa = PBXBuildFile; productRef = 98A6E1EF2974003C008CF101 /* RIBs */; };
		98A6E1F32974005C008CF101 /* RxAppState in Frameworks */ = {isa = PBXBuildFile; productRef = 98A6E1F22974005C008CF101 /* RxAppState */; };
		98A6E1F629740075008CF101 /* SnapKit in Frameworks */ = {isa = PBXBuildFile; productRef = 98A6E1F529740075008CF101 /* SnapKit */; };
		98A6E1F929740099008CF101 /* CropViewController in Frameworks */ = {isa = PBXBuildFile; productRef = 98A6E1F829740099008CF101 /* CropViewController */; };
		98A6E1FB29740099008CF101 /* TOCropViewController in Frameworks */ = {isa = PBXBuildFile; productRef = 98A6E1FA29740099008CF101 /* TOCropViewController */; };
		98A937072A061CDE00229093 /* GoogleMobileAds in Frameworks */ = {isa = PBXBuildFile; productRef = 98A937062A061CDE00229093 /* GoogleMobileAds */; };
		98A937092A065A5000229093 /* StoreKit.framework in Frameworks */ = {isa = PBXBuildFile; fileRef = 98A937082A065A5000229093 /* StoreKit.framework */; };
		98BAA732297A9C8B0061B891 /* ProfilePassword in Frameworks */ = {isa = PBXBuildFile; productRef = 98BAA731297A9C8B0061B891 /* ProfilePassword */; };
		98C4767429744FC1006634A3 /* MenualUtil in Frameworks */ = {isa = PBXBuildFile; productRef = 98C4767329744FC1006634A3 /* MenualUtil */; };
		98C829372A189D7200C32B7B /* AppRootBuilder.swift in Sources */ = {isa = PBXBuildFile; fileRef = 9888DE122764825F0091918F /* AppRootBuilder.swift */; };
		98C829382A189D7200C32B7B /* RootTabBarController.swift in Sources */ = {isa = PBXBuildFile; fileRef = 9888DE1C276484950091918F /* RootTabBarController.swift */; };
		98C829392A189D7200C32B7B /* AppRootComponent.swift in Sources */ = {isa = PBXBuildFile; fileRef = 9888DE1A276483DD0091918F /* AppRootComponent.swift */; };
		98C8293A2A189D7200C32B7B /* SplashBuilder.swift in Sources */ = {isa = PBXBuildFile; fileRef = 98763D93299BE6EA00EFA01B /* SplashBuilder.swift */; };
		98C8293B2A189D7200C32B7B /* AppRootViewController.swift in Sources */ = {isa = PBXBuildFile; fileRef = 988A1878278AD17500DF81DA /* AppRootViewController.swift */; };
		98C8293C2A189D7200C32B7B /* AppRootRouter.swift in Sources */ = {isa = PBXBuildFile; fileRef = 9888DE112764825F0091918F /* AppRootRouter.swift */; };
		98C8293D2A189D7200C32B7B /* AppComponent.swift in Sources */ = {isa = PBXBuildFile; fileRef = 9888DE18276482CC0091918F /* AppComponent.swift */; };
		98C8293E2A189D7200C32B7B /* SplashInteractor.swift in Sources */ = {isa = PBXBuildFile; fileRef = 98763D94299BE6EA00EFA01B /* SplashInteractor.swift */; };
		98C8293F2A189D7200C32B7B /* AppRootInteractor.swift in Sources */ = {isa = PBXBuildFile; fileRef = 9888DE132764825F0091918F /* AppRootInteractor.swift */; };
		98C829402A189D7200C32B7B /* SplashRouter.swift in Sources */ = {isa = PBXBuildFile; fileRef = 98763D91299BE6EA00EFA01B /* SplashRouter.swift */; };
		98C829412A189D7200C32B7B /* AppDelegate.swift in Sources */ = {isa = PBXBuildFile; fileRef = 9888DDDC27646EFF0091918F /* AppDelegate.swift */; };
		98C829422A189D7200C32B7B /* SplashViewController.swift in Sources */ = {isa = PBXBuildFile; fileRef = 98763D92299BE6EA00EFA01B /* SplashViewController.swift */; };
		98C829442A189D7200C32B7B /* RxSwift in Frameworks */ = {isa = PBXBuildFile; productRef = 98C829092A189D7200C32B7B /* RxSwift */; };
		98C829452A189D7200C32B7B /* ProfileDesignSystem in Frameworks */ = {isa = PBXBuildFile; productRef = 98C8292A2A189D7200C32B7B /* ProfileDesignSystem */; };
		98C829462A189D7200C32B7B /* RxRelay in Frameworks */ = {isa = PBXBuildFile; productRef = 98C829082A189D7200C32B7B /* RxRelay */; };
		98C829472A189D7200C32B7B /* MenualEntity in Frameworks */ = {isa = PBXBuildFile; productRef = 98C8291D2A189D7200C32B7B /* MenualEntity */; };
		98C829482A189D7200C32B7B /* RIBs in Frameworks */ = {isa = PBXBuildFile; productRef = 98C8290A2A189D7200C32B7B /* RIBs */; };
		98C829492A189D7200C32B7B /* DiaryDetail in Frameworks */ = {isa = PBXBuildFile; productRef = 98C829242A189D7200C32B7B /* DiaryDetail */; };
		98C8294A2A189D7200C32B7B /* DiaryHome in Frameworks */ = {isa = PBXBuildFile; productRef = 98C829262A189D7200C32B7B /* DiaryHome */; };
		98C8294B2A189D7200C32B7B /* Swinject in Frameworks */ = {isa = PBXBuildFile; productRef = 98C829322A189D7200C32B7B /* Swinject */; };
		98C8294C2A189D7200C32B7B /* MenualUtil in Frameworks */ = {isa = PBXBuildFile; productRef = 98C8291C2A189D7200C32B7B /* MenualUtil */; };
		98C8294D2A189D7200C32B7B /* RealmSwift in Frameworks */ = {isa = PBXBuildFile; productRef = 98C829152A189D7200C32B7B /* RealmSwift */; };
		98C8294E2A189D7200C32B7B /* CropViewController in Frameworks */ = {isa = PBXBuildFile; productRef = 98C829102A189D7200C32B7B /* CropViewController */; };
		98C8294F2A189D7200C32B7B /* MenualRepository in Frameworks */ = {isa = PBXBuildFile; productRef = 98C829202A189D7200C32B7B /* MenualRepository */; };
		98C829502A189D7200C32B7B /* DiarySearch in Frameworks */ = {isa = PBXBuildFile; productRef = 98C829272A189D7200C32B7B /* DiarySearch */; };
		98C829512A189D7200C32B7B /* ZipArchive in Frameworks */ = {isa = PBXBuildFile; productRef = 98C829162A189D7200C32B7B /* ZipArchive */; };
		98C829522A189D7200C32B7B /* CloudKit.framework in Frameworks */ = {isa = PBXBuildFile; fileRef = 98A2BDA2280AD96200C1FB92 /* CloudKit.framework */; };
		98C829532A189D7200C32B7B /* Then in Frameworks */ = {isa = PBXBuildFile; productRef = 98C829042A189D7200C32B7B /* Then */; };
		98C829542A189D7200C32B7B /* FirebaseAnalytics in Frameworks */ = {isa = PBXBuildFile; productRef = 98C829182A189D7200C32B7B /* FirebaseAnalytics */; };
		98C829552A189D7200C32B7B /* GoogleMobileAds in Frameworks */ = {isa = PBXBuildFile; productRef = 98C8292E2A189D7200C32B7B /* GoogleMobileAds */; };
		98C829562A189D7200C32B7B /* DiaryWriting in Frameworks */ = {isa = PBXBuildFile; productRef = 98C829292A189D7200C32B7B /* DiaryWriting */; };
		98C829572A189D7200C32B7B /* ProfileHome in Frameworks */ = {isa = PBXBuildFile; productRef = 98C829222A189D7200C32B7B /* ProfileHome */; };
		98C829582A189D7200C32B7B /* DiaryTempSave in Frameworks */ = {isa = PBXBuildFile; productRef = 98C829282A189D7200C32B7B /* DiaryTempSave */; };
		98C829592A189D7200C32B7B /* Realm in Frameworks */ = {isa = PBXBuildFile; productRef = 98C829132A189D7200C32B7B /* Realm */; };
		98C8295A2A189D7200C32B7B /* SwiftyStoreKit in Frameworks */ = {isa = PBXBuildFile; productRef = 98C829302A189D7200C32B7B /* SwiftyStoreKit */; };
		98C8295B2A189D7200C32B7B /* RxCocoa in Frameworks */ = {isa = PBXBuildFile; productRef = 98C829062A189D7200C32B7B /* RxCocoa */; };
		98C8295C2A189D7200C32B7B /* StoreKit.framework in Frameworks */ = {isa = PBXBuildFile; fileRef = 98A937082A065A5000229093 /* StoreKit.framework */; };
		98C8295D2A189D7200C32B7B /* DiaryBottomSheet in Frameworks */ = {isa = PBXBuildFile; productRef = 98C829232A189D7200C32B7B /* DiaryBottomSheet */; };
		98C8295E2A189D7200C32B7B /* DesignSystem in Frameworks */ = {isa = PBXBuildFile; productRef = 98C8291B2A189D7200C32B7B /* DesignSystem */; };
		98C8295F2A189D7200C32B7B /* PinLayout in Frameworks */ = {isa = PBXBuildFile; productRef = 98C8292B2A189D7200C32B7B /* PinLayout */; };
		98C829602A189D7200C32B7B /* ProfilePassword in Frameworks */ = {isa = PBXBuildFile; productRef = 98C8291F2A189D7200C32B7B /* ProfilePassword */; };
		98C829612A189D7200C32B7B /* SnapKit in Frameworks */ = {isa = PBXBuildFile; productRef = 98C8290E2A189D7200C32B7B /* SnapKit */; };
		98C829622A189D7200C32B7B /* ProfileDeveloper in Frameworks */ = {isa = PBXBuildFile; productRef = 98C829212A189D7200C32B7B /* ProfileDeveloper */; };
		98C829632A189D7200C32B7B /* MenualRepositoryTestSupport in Frameworks */ = {isa = PBXBuildFile; productRef = 98C8292D2A189D7200C32B7B /* MenualRepositoryTestSupport */; };
		98C829642A189D7200C32B7B /* FirebaseAnalyticsSwift in Frameworks */ = {isa = PBXBuildFile; productRef = 98C8291A2A189D7200C32B7B /* FirebaseAnalyticsSwift */; };
		98C829652A189D7200C32B7B /* ProfileOpensource in Frameworks */ = {isa = PBXBuildFile; productRef = 98C8291E2A189D7200C32B7B /* ProfileOpensource */; };
		98C829662A189D7200C32B7B /* DiaryDetailImage in Frameworks */ = {isa = PBXBuildFile; productRef = 98C829252A189D7200C32B7B /* DiaryDetailImage */; };
		98C829672A189D7200C32B7B /* RxAppState in Frameworks */ = {isa = PBXBuildFile; productRef = 98C8290C2A189D7200C32B7B /* RxAppState */; };
		98C829682A189D7200C32B7B /* TOCropViewController in Frameworks */ = {isa = PBXBuildFile; productRef = 98C829122A189D7200C32B7B /* TOCropViewController */; };
		98C8296A2A189D7200C32B7B /* Montserrat ExtraBold.ttf in Resources */ = {isa = PBXBuildFile; fileRef = 98D0EBEA27CA0AFF0076136E /* Montserrat ExtraBold.ttf */; };
		98C8296B2A189D7200C32B7B /* SpoqaHanSansNeo Regular.otf in Resources */ = {isa = PBXBuildFile; fileRef = 98D0EBEC27CA0E190076136E /* SpoqaHanSansNeo Regular.otf */; };
		98C8296C2A189D7200C32B7B /* Assets.xcassets in Resources */ = {isa = PBXBuildFile; fileRef = 9888DDE527646F000091918F /* Assets.xcassets */; };
		98C8296D2A189D7200C32B7B /* SpoqaHanSansNeo Bold.otf in Resources */ = {isa = PBXBuildFile; fileRef = 98D0EBED27CA0E190076136E /* SpoqaHanSansNeo Bold.otf */; };
		98C8296E2A189D7200C32B7B /* splashMenual@3x.png in Resources */ = {isa = PBXBuildFile; fileRef = 98763D82299A811200EFA01B /* splashMenual@3x.png */; };
		98C8296F2A189D7200C32B7B /* GoogleService-Info.plist in Resources */ = {isa = PBXBuildFile; fileRef = 98281EC9278AC6A900736D59 /* GoogleService-Info.plist */; };
		98C829702A189D7200C32B7B /* splashMenual@2x.png in Resources */ = {isa = PBXBuildFile; fileRef = 98763D81299A811200EFA01B /* splashMenual@2x.png */; };
		98C829712A189D7200C32B7B /* Launch Screen.storyboard in Resources */ = {isa = PBXBuildFile; fileRef = 98763D88299A8B6800EFA01B /* Launch Screen.storyboard */; };
		98C829722A189D7200C32B7B /* splashMenual.png in Resources */ = {isa = PBXBuildFile; fileRef = 98763D80299A811200EFA01B /* splashMenual.png */; };
		98CE6E8A297D015B00465329 /* PinLayout in Frameworks */ = {isa = PBXBuildFile; productRef = 98CE6E89297D015B00465329 /* PinLayout */; };
		98D0EBEB27CA0AFF0076136E /* Montserrat ExtraBold.ttf in Resources */ = {isa = PBXBuildFile; fileRef = 98D0EBEA27CA0AFF0076136E /* Montserrat ExtraBold.ttf */; };
		98D0EBEE27CA0E190076136E /* SpoqaHanSansNeo Regular.otf in Resources */ = {isa = PBXBuildFile; fileRef = 98D0EBEC27CA0E190076136E /* SpoqaHanSansNeo Regular.otf */; };
		98D0EBEF27CA0E190076136E /* SpoqaHanSansNeo Bold.otf in Resources */ = {isa = PBXBuildFile; fileRef = 98D0EBED27CA0E190076136E /* SpoqaHanSansNeo Bold.otf */; };
		98E2A05F297A7A4700A623D2 /* MenualEntity in Frameworks */ = {isa = PBXBuildFile; productRef = 98E2A05E297A7A4700A623D2 /* MenualEntity */; };
/* End PBXBuildFile section */

/* Begin PBXBuildRule section */
		987A0A9B297D0B0500C84084 /* PBXBuildRule */ = {
			isa = PBXBuildRule;
			compilerSpec = com.apple.compilers.proxy.script;
			filePatterns = "*.macro";
			fileType = pattern.proxy;
			inputFiles = (
			);
			isEditable = 1;
			outputFiles = (
			);
			script = "HEADER=\"${SRCROOT}/Config.h\"\ncd ${SRCROOT}\necho \"// Do not edit\" > $HEADER\ncat \"${INPUT_FILE_PATH}\" | while read line\ndo\n    macro=\"`echo $line | cut -d= -f1`\"\n    cmd=\"`echo $line | cut -d= -f2-`\"\n    value=$($cmd)\n    echo \"#define ${macro} @\\\"${value}\\\"\" >> $HEADER\ndone\necho \"// Updated on \"`date` >> $HEADER\n";
		};
		98C829732A189D7200C32B7B /* PBXBuildRule */ = {
			isa = PBXBuildRule;
			compilerSpec = com.apple.compilers.proxy.script;
			filePatterns = "*.macro";
			fileType = pattern.proxy;
			inputFiles = (
			);
			isEditable = 1;
			outputFiles = (
			);
			script = "HEADER=\"${SRCROOT}/Config.h\"\ncd ${SRCROOT}\necho \"// Do not edit\" > $HEADER\ncat \"${INPUT_FILE_PATH}\" | while read line\ndo\n    macro=\"`echo $line | cut -d= -f1`\"\n    cmd=\"`echo $line | cut -d= -f2-`\"\n    value=$($cmd)\n    echo \"#define ${macro} @\\\"${value}\\\"\" >> $HEADER\ndone\necho \"// Updated on \"`date` >> $HEADER\n";
		};
/* End PBXBuildRule section */

/* Begin PBXContainerItemProxy section */
		9888DDF027646F000091918F /* PBXContainerItemProxy */ = {
			isa = PBXContainerItemProxy;
			containerPortal = 9888DDD127646EFF0091918F /* Project object */;
			proxyType = 1;
			remoteGlobalIDString = 9888DDD827646EFF0091918F;
			remoteInfo = Menual;
		};
		9888DDFA27646F000091918F /* PBXContainerItemProxy */ = {
			isa = PBXContainerItemProxy;
			containerPortal = 9888DDD127646EFF0091918F /* Project object */;
			proxyType = 1;
			remoteGlobalIDString = 9888DDD827646EFF0091918F;
			remoteInfo = Menual;
		};
/* End PBXContainerItemProxy section */

/* Begin PBXFileReference section */
		98281EC9278AC6A900736D59 /* GoogleService-Info.plist */ = {isa = PBXFileReference; fileEncoding = 4; lastKnownFileType = text.plist.xml; path = "GoogleService-Info.plist"; sourceTree = "<group>"; };
		98763D80299A811200EFA01B /* splashMenual.png */ = {isa = PBXFileReference; lastKnownFileType = image.png; path = splashMenual.png; sourceTree = "<group>"; };
		98763D81299A811200EFA01B /* splashMenual@2x.png */ = {isa = PBXFileReference; lastKnownFileType = image.png; path = "splashMenual@2x.png"; sourceTree = "<group>"; };
		98763D82299A811200EFA01B /* splashMenual@3x.png */ = {isa = PBXFileReference; lastKnownFileType = image.png; path = "splashMenual@3x.png"; sourceTree = "<group>"; };
		98763D89299A8BC300EFA01B /* Base */ = {isa = PBXFileReference; lastKnownFileType = file.storyboard; name = Base; path = "Base.lproj/Launch Screen.storyboard"; sourceTree = "<group>"; };
		98763D8C299BDE1200EFA01B /* ko */ = {isa = PBXFileReference; lastKnownFileType = text.plist.strings; name = ko; path = "ko.lproj/Launch Screen.strings"; sourceTree = "<group>"; };
		98763D91299BE6EA00EFA01B /* SplashRouter.swift */ = {isa = PBXFileReference; lastKnownFileType = sourcecode.swift; path = SplashRouter.swift; sourceTree = "<group>"; };
		98763D92299BE6EA00EFA01B /* SplashViewController.swift */ = {isa = PBXFileReference; lastKnownFileType = sourcecode.swift; path = SplashViewController.swift; sourceTree = "<group>"; };
		98763D93299BE6EA00EFA01B /* SplashBuilder.swift */ = {isa = PBXFileReference; lastKnownFileType = sourcecode.swift; path = SplashBuilder.swift; sourceTree = "<group>"; };
		98763D94299BE6EA00EFA01B /* SplashInteractor.swift */ = {isa = PBXFileReference; lastKnownFileType = sourcecode.swift; path = SplashInteractor.swift; sourceTree = "<group>"; };
		9888DDD927646EFF0091918F /* Menual.app */ = {isa = PBXFileReference; explicitFileType = wrapper.application; includeInIndex = 0; path = Menual.app; sourceTree = BUILT_PRODUCTS_DIR; };
		9888DDDC27646EFF0091918F /* AppDelegate.swift */ = {isa = PBXFileReference; lastKnownFileType = sourcecode.swift; path = AppDelegate.swift; sourceTree = "<group>"; };
		9888DDE527646F000091918F /* Assets.xcassets */ = {isa = PBXFileReference; lastKnownFileType = folder.assetcatalog; path = Assets.xcassets; sourceTree = "<group>"; };
		9888DDEA27646F000091918F /* Info.plist */ = {isa = PBXFileReference; lastKnownFileType = text.plist.xml; path = Info.plist; sourceTree = "<group>"; };
		9888DDEF27646F000091918F /* MenualTests.xctest */ = {isa = PBXFileReference; explicitFileType = wrapper.cfbundle; includeInIndex = 0; path = MenualTests.xctest; sourceTree = BUILT_PRODUCTS_DIR; };
		9888DDF927646F000091918F /* MenualUITests.xctest */ = {isa = PBXFileReference; explicitFileType = wrapper.cfbundle; includeInIndex = 0; path = MenualUITests.xctest; sourceTree = BUILT_PRODUCTS_DIR; };
		9888DDFD27646F000091918F /* MenualUITests.swift */ = {isa = PBXFileReference; lastKnownFileType = sourcecode.swift; path = MenualUITests.swift; sourceTree = "<group>"; };
		9888DDFF27646F000091918F /* MenualUITestsLaunchTests.swift */ = {isa = PBXFileReference; lastKnownFileType = sourcecode.swift; path = MenualUITestsLaunchTests.swift; sourceTree = "<group>"; };
		9888DE112764825F0091918F /* AppRootRouter.swift */ = {isa = PBXFileReference; lastKnownFileType = sourcecode.swift; path = AppRootRouter.swift; sourceTree = "<group>"; };
		9888DE122764825F0091918F /* AppRootBuilder.swift */ = {isa = PBXFileReference; lastKnownFileType = sourcecode.swift; path = AppRootBuilder.swift; sourceTree = "<group>"; };
		9888DE132764825F0091918F /* AppRootInteractor.swift */ = {isa = PBXFileReference; lastKnownFileType = sourcecode.swift; path = AppRootInteractor.swift; sourceTree = "<group>"; };
		9888DE18276482CC0091918F /* AppComponent.swift */ = {isa = PBXFileReference; lastKnownFileType = sourcecode.swift; path = AppComponent.swift; sourceTree = "<group>"; };
		9888DE1A276483DD0091918F /* AppRootComponent.swift */ = {isa = PBXFileReference; lastKnownFileType = sourcecode.swift; path = AppRootComponent.swift; sourceTree = "<group>"; };
		9888DE1C276484950091918F /* RootTabBarController.swift */ = {isa = PBXFileReference; lastKnownFileType = sourcecode.swift; path = RootTabBarController.swift; sourceTree = "<group>"; };
		988A1878278AD17500DF81DA /* AppRootViewController.swift */ = {isa = PBXFileReference; lastKnownFileType = sourcecode.swift; path = AppRootViewController.swift; sourceTree = "<group>"; };
		988A2D3027F81ACF0046C43A /* Menual.entitlements */ = {isa = PBXFileReference; lastKnownFileType = text.plist.entitlements; path = Menual.entitlements; sourceTree = "<group>"; };
		98A2BDA2280AD96200C1FB92 /* CloudKit.framework */ = {isa = PBXFileReference; lastKnownFileType = wrapper.framework; name = CloudKit.framework; path = System/Library/Frameworks/CloudKit.framework; sourceTree = SDKROOT; };
		98A937082A065A5000229093 /* StoreKit.framework */ = {isa = PBXFileReference; lastKnownFileType = wrapper.framework; name = StoreKit.framework; path = System/Library/Frameworks/StoreKit.framework; sourceTree = SDKROOT; };
		98AD776F2975A878002E5BD8 /* Diary */ = {isa = PBXFileReference; lastKnownFileType = wrapper; path = Diary; sourceTree = "<group>"; };
		98C59F3429744366002703C6 /* Profile */ = {isa = PBXFileReference; lastKnownFileType = wrapper; path = Profile; sourceTree = "<group>"; };
		98C59F35297443B1002703C6 /* Platform */ = {isa = PBXFileReference; lastKnownFileType = wrapper; path = Platform; sourceTree = "<group>"; };
		98C829772A189D7200C32B7B /* MenualAlpha.app */ = {isa = PBXFileReference; explicitFileType = wrapper.application; includeInIndex = 0; path = MenualAlpha.app; sourceTree = BUILT_PRODUCTS_DIR; };
		98C829782A189D7300C32B7B /* Alpha-Info.plist */ = {isa = PBXFileReference; lastKnownFileType = text.plist.xml; name = "Alpha-Info.plist"; path = "/Users/jjikkyu/Desktop/Development/Menual/Alpha-Info.plist"; sourceTree = "<absolute>"; };
		98D0EBEA27CA0AFF0076136E /* Montserrat ExtraBold.ttf */ = {isa = PBXFileReference; lastKnownFileType = file; path = "Montserrat ExtraBold.ttf"; sourceTree = "<group>"; };
		98D0EBEC27CA0E190076136E /* SpoqaHanSansNeo Regular.otf */ = {isa = PBXFileReference; lastKnownFileType = file; path = "SpoqaHanSansNeo Regular.otf"; sourceTree = "<group>"; };
		98D0EBED27CA0E190076136E /* SpoqaHanSansNeo Bold.otf */ = {isa = PBXFileReference; lastKnownFileType = file; path = "SpoqaHanSansNeo Bold.otf"; sourceTree = "<group>"; };
/* End PBXFileReference section */

/* Begin PBXFrameworksBuildPhase section */
		9888DDD627646EFF0091918F /* Frameworks */ = {
			isa = PBXFrameworksBuildPhase;
			buildActionMask = 2147483647;
			files = (
				98A6E1E82973FDF2008CF101 /* RxSwift in Frameworks */,
				981004A6297AB63A00820867 /* ProfileDesignSystem in Frameworks */,
				98A6E1E62973FDF2008CF101 /* RxRelay in Frameworks */,
				98E2A05F297A7A4700A623D2 /* MenualEntity in Frameworks */,
				98A6E1F02974003C008CF101 /* RIBs in Frameworks */,
				9810049A297AB53800820867 /* DiaryDetail in Frameworks */,
				9810049E297AB53800820867 /* DiaryHome in Frameworks */,
				986EE7D62A06652000A506DF /* Swinject in Frameworks */,
				98C4767429744FC1006634A3 /* MenualUtil in Frameworks */,
				985DE96F297401C700F9E7AD /* RealmSwift in Frameworks */,
				98A6E1F929740099008CF101 /* CropViewController in Frameworks */,
				98A259A7297A9DEA009D3C2D /* MenualRepository in Frameworks */,
				981004A0297AB53800820867 /* DiarySearch in Frameworks */,
				985DE9722974028500F9E7AD /* ZipArchive in Frameworks */,
				98A2BDA3280AD96200C1FB92 /* CloudKit.framework in Frameworks */,
				98A6E1E12973FDD4008CF101 /* Then in Frameworks */,
				985DE9752974036800F9E7AD /* FirebaseAnalytics in Frameworks */,
				98A937072A061CDE00229093 /* GoogleMobileAds in Frameworks */,
				981004A4297AB53800820867 /* DiaryWriting in Frameworks */,
				98A259AB297AA082009D3C2D /* ProfileHome in Frameworks */,
				981004A2297AB53800820867 /* DiaryTempSave in Frameworks */,
				985DE96D297401C700F9E7AD /* Realm in Frameworks */,
				986EE7D32A06608D00A506DF /* SwiftyStoreKit in Frameworks */,
				98A6E1E42973FDF2008CF101 /* RxCocoa in Frameworks */,
				98A937092A065A5000229093 /* StoreKit.framework in Frameworks */,
				98100498297AB53800820867 /* DiaryBottomSheet in Frameworks */,
				98935C8129744CA800AA3A29 /* DesignSystem in Frameworks */,
				98CE6E8A297D015B00465329 /* PinLayout in Frameworks */,
				98BAA732297A9C8B0061B891 /* ProfilePassword in Frameworks */,
				98A6E1F629740075008CF101 /* SnapKit in Frameworks */,
				98A259A9297AA082009D3C2D /* ProfileDeveloper in Frameworks */,
				982A7C06298FA2DE007AD7C2 /* MenualRepositoryTestSupport in Frameworks */,
				985DE9772974036800F9E7AD /* FirebaseAnalyticsSwift in Frameworks */,
				98703A1A297A8ABE006C805D /* ProfileOpensource in Frameworks */,
				9810049C297AB53800820867 /* DiaryDetailImage in Frameworks */,
				98A6E1F32974005C008CF101 /* RxAppState in Frameworks */,
				98A6E1FB29740099008CF101 /* TOCropViewController in Frameworks */,
			);
			runOnlyForDeploymentPostprocessing = 0;
		};
		9888DDEC27646F000091918F /* Frameworks */ = {
			isa = PBXFrameworksBuildPhase;
			buildActionMask = 2147483647;
			files = (
			);
			runOnlyForDeploymentPostprocessing = 0;
		};
		9888DDF627646F000091918F /* Frameworks */ = {
			isa = PBXFrameworksBuildPhase;
			buildActionMask = 2147483647;
			files = (
			);
			runOnlyForDeploymentPostprocessing = 0;
		};
		98C829432A189D7200C32B7B /* Frameworks */ = {
			isa = PBXFrameworksBuildPhase;
			buildActionMask = 2147483647;
			files = (
				98C829442A189D7200C32B7B /* RxSwift in Frameworks */,
				98C829452A189D7200C32B7B /* ProfileDesignSystem in Frameworks */,
				98C829462A189D7200C32B7B /* RxRelay in Frameworks */,
				98C829472A189D7200C32B7B /* MenualEntity in Frameworks */,
				98C829482A189D7200C32B7B /* RIBs in Frameworks */,
				98C829492A189D7200C32B7B /* DiaryDetail in Frameworks */,
				98C8294A2A189D7200C32B7B /* DiaryHome in Frameworks */,
				98C8294B2A189D7200C32B7B /* Swinject in Frameworks */,
				98C8294C2A189D7200C32B7B /* MenualUtil in Frameworks */,
				98C8294D2A189D7200C32B7B /* RealmSwift in Frameworks */,
				98C8294E2A189D7200C32B7B /* CropViewController in Frameworks */,
				98C8294F2A189D7200C32B7B /* MenualRepository in Frameworks */,
				98C829502A189D7200C32B7B /* DiarySearch in Frameworks */,
				98C829512A189D7200C32B7B /* ZipArchive in Frameworks */,
				98C829522A189D7200C32B7B /* CloudKit.framework in Frameworks */,
				98C829532A189D7200C32B7B /* Then in Frameworks */,
				98C829542A189D7200C32B7B /* FirebaseAnalytics in Frameworks */,
				98C829552A189D7200C32B7B /* GoogleMobileAds in Frameworks */,
				98C829562A189D7200C32B7B /* DiaryWriting in Frameworks */,
				98C829572A189D7200C32B7B /* ProfileHome in Frameworks */,
				98C829582A189D7200C32B7B /* DiaryTempSave in Frameworks */,
				98C829592A189D7200C32B7B /* Realm in Frameworks */,
				98C8295A2A189D7200C32B7B /* SwiftyStoreKit in Frameworks */,
				98C8295B2A189D7200C32B7B /* RxCocoa in Frameworks */,
				98C8295C2A189D7200C32B7B /* StoreKit.framework in Frameworks */,
				98C8295D2A189D7200C32B7B /* DiaryBottomSheet in Frameworks */,
				98C8295E2A189D7200C32B7B /* DesignSystem in Frameworks */,
				98C8295F2A189D7200C32B7B /* PinLayout in Frameworks */,
				98C829602A189D7200C32B7B /* ProfilePassword in Frameworks */,
				98C829612A189D7200C32B7B /* SnapKit in Frameworks */,
				98C829622A189D7200C32B7B /* ProfileDeveloper in Frameworks */,
				98C829632A189D7200C32B7B /* MenualRepositoryTestSupport in Frameworks */,
				98C829642A189D7200C32B7B /* FirebaseAnalyticsSwift in Frameworks */,
				98C829652A189D7200C32B7B /* ProfileOpensource in Frameworks */,
				98C829662A189D7200C32B7B /* DiaryDetailImage in Frameworks */,
				98C829672A189D7200C32B7B /* RxAppState in Frameworks */,
				98C829682A189D7200C32B7B /* TOCropViewController in Frameworks */,
			);
			runOnlyForDeploymentPostprocessing = 0;
		};
/* End PBXFrameworksBuildPhase section */

/* Begin PBXGroup section */
		98763D7F299A810500EFA01B /* LaunchScreen */ = {
			isa = PBXGroup;
			children = (
				98763D80299A811200EFA01B /* splashMenual.png */,
				98763D81299A811200EFA01B /* splashMenual@2x.png */,
				98763D82299A811200EFA01B /* splashMenual@3x.png */,
				98763D88299A8B6800EFA01B /* Launch Screen.storyboard */,
			);
			path = LaunchScreen;
			sourceTree = "<group>";
		};
		98763D90299BE68600EFA01B /* Splash */ = {
			isa = PBXGroup;
			children = (
				98763D91299BE6EA00EFA01B /* SplashRouter.swift */,
				98763D92299BE6EA00EFA01B /* SplashViewController.swift */,
				98763D93299BE6EA00EFA01B /* SplashBuilder.swift */,
				98763D94299BE6EA00EFA01B /* SplashInteractor.swift */,
			);
			path = Splash;
			sourceTree = "<group>";
		};
		9888DDD027646EFF0091918F = {
			isa = PBXGroup;
			children = (
				98AD776F2975A878002E5BD8 /* Diary */,
				98C59F35297443B1002703C6 /* Platform */,
				98C59F3429744366002703C6 /* Profile */,
				9888DDDB27646EFF0091918F /* Menual */,
				9888DDFC27646F000091918F /* MenualUITests */,
				9888DDDA27646EFF0091918F /* Products */,
				EBD7C8EB992F559C0691738A /* Frameworks */,
			);
			sourceTree = "<group>";
		};
		9888DDDA27646EFF0091918F /* Products */ = {
			isa = PBXGroup;
			children = (
				9888DDD927646EFF0091918F /* Menual.app */,
				9888DDEF27646F000091918F /* MenualTests.xctest */,
				9888DDF927646F000091918F /* MenualUITests.xctest */,
				98C829772A189D7200C32B7B /* MenualAlpha.app */,
			);
			name = Products;
			sourceTree = "<group>";
		};
		9888DDDB27646EFF0091918F /* Menual */ = {
			isa = PBXGroup;
			children = (
				98763D90299BE68600EFA01B /* Splash */,
				98763D7F299A810500EFA01B /* LaunchScreen */,
				98B6A213298E6FDC00234060 /* Tests */,
				988A2D3027F81ACF0046C43A /* Menual.entitlements */,
				98D0EBE627CA09640076136E /* MenualAssets */,
				98281EC9278AC6A900736D59 /* GoogleService-Info.plist */,
				98C829782A189D7300C32B7B /* Alpha-Info.plist */,
				9888DDEA27646F000091918F /* Info.plist */,
				9888DE17276482670091918F /* AppDelegate */,
				9888DE0F276481EA0091918F /* AppRoot */,
			);
			path = Menual;
			sourceTree = "<group>";
		};
		9888DDFC27646F000091918F /* MenualUITests */ = {
			isa = PBXGroup;
			children = (
				9888DDFD27646F000091918F /* MenualUITests.swift */,
				9888DDFF27646F000091918F /* MenualUITestsLaunchTests.swift */,
			);
			path = MenualUITests;
			sourceTree = "<group>";
		};
		9888DE0F276481EA0091918F /* AppRoot */ = {
			isa = PBXGroup;
			children = (
				9888DE112764825F0091918F /* AppRootRouter.swift */,
				9888DE122764825F0091918F /* AppRootBuilder.swift */,
				9888DE132764825F0091918F /* AppRootInteractor.swift */,
				9888DE1A276483DD0091918F /* AppRootComponent.swift */,
				988A1878278AD17500DF81DA /* AppRootViewController.swift */,
				9888DE1C276484950091918F /* RootTabBarController.swift */,
			);
			path = AppRoot;
			sourceTree = "<group>";
		};
		9888DE17276482670091918F /* AppDelegate */ = {
			isa = PBXGroup;
			children = (
				9888DDDC27646EFF0091918F /* AppDelegate.swift */,
				9888DE18276482CC0091918F /* AppComponent.swift */,
			);
			path = AppDelegate;
			sourceTree = "<group>";
		};
		98B6A213298E6FDC00234060 /* Tests */ = {
			isa = PBXGroup;
			children = (
			);
			name = Tests;
			path = Profile/Tests;
			sourceTree = SOURCE_ROOT;
		};
		98D0EBE627CA09640076136E /* MenualAssets */ = {
			isa = PBXGroup;
			children = (
				98D0EBE727CA096A0076136E /* Fonts */,
				9888DDE527646F000091918F /* Assets.xcassets */,
			);
			path = MenualAssets;
			sourceTree = "<group>";
		};
		98D0EBE727CA096A0076136E /* Fonts */ = {
			isa = PBXGroup;
			children = (
				98D0EBED27CA0E190076136E /* SpoqaHanSansNeo Bold.otf */,
				98D0EBEC27CA0E190076136E /* SpoqaHanSansNeo Regular.otf */,
				98D0EBEA27CA0AFF0076136E /* Montserrat ExtraBold.ttf */,
			);
			path = Fonts;
			sourceTree = "<group>";
		};
		EBD7C8EB992F559C0691738A /* Frameworks */ = {
			isa = PBXGroup;
			children = (
				98A937082A065A5000229093 /* StoreKit.framework */,
				98A2BDA2280AD96200C1FB92 /* CloudKit.framework */,
			);
			name = Frameworks;
			sourceTree = "<group>";
		};
/* End PBXGroup section */

/* Begin PBXNativeTarget section */
		9888DDD827646EFF0091918F /* Menual */ = {
			isa = PBXNativeTarget;
			buildConfigurationList = 9888DE0327646F000091918F /* Build configuration list for PBXNativeTarget "Menual" */;
			buildPhases = (
				98239BEA27E43DA500E216F1 /* Run swiftgen */,
				985A52B227F0244F00B10829 /* Localized */,
				9888DDD527646EFF0091918F /* Sources */,
				9888DDD627646EFF0091918F /* Frameworks */,
				9888DDD727646EFF0091918F /* Resources */,
			);
			buildRules = (
				987A0A9B297D0B0500C84084 /* PBXBuildRule */,
			);
			dependencies = (
			);
			name = Menual;
			packageProductDependencies = (
				98A6E1E02973FDD4008CF101 /* Then */,
				98A6E1E32973FDF2008CF101 /* RxCocoa */,
				98A6E1E52973FDF2008CF101 /* RxRelay */,
				98A6E1E72973FDF2008CF101 /* RxSwift */,
				98A6E1EF2974003C008CF101 /* RIBs */,
				98A6E1F22974005C008CF101 /* RxAppState */,
				98A6E1F529740075008CF101 /* SnapKit */,
				98A6E1F829740099008CF101 /* CropViewController */,
				98A6E1FA29740099008CF101 /* TOCropViewController */,
				985DE96C297401C700F9E7AD /* Realm */,
				985DE96E297401C700F9E7AD /* RealmSwift */,
				985DE9712974028500F9E7AD /* ZipArchive */,
				985DE9742974036800F9E7AD /* FirebaseAnalytics */,
				985DE9762974036800F9E7AD /* FirebaseAnalyticsSwift */,
				98935C8029744CA800AA3A29 /* DesignSystem */,
				98C4767329744FC1006634A3 /* MenualUtil */,
				98E2A05E297A7A4700A623D2 /* MenualEntity */,
				98703A19297A8ABE006C805D /* ProfileOpensource */,
				98BAA731297A9C8B0061B891 /* ProfilePassword */,
				98A259A6297A9DEA009D3C2D /* MenualRepository */,
				98A259A8297AA082009D3C2D /* ProfileDeveloper */,
				98A259AA297AA082009D3C2D /* ProfileHome */,
				98100497297AB53800820867 /* DiaryBottomSheet */,
				98100499297AB53800820867 /* DiaryDetail */,
				9810049B297AB53800820867 /* DiaryDetailImage */,
				9810049D297AB53800820867 /* DiaryHome */,
				9810049F297AB53800820867 /* DiarySearch */,
				981004A1297AB53800820867 /* DiaryTempSave */,
				981004A3297AB53800820867 /* DiaryWriting */,
				981004A5297AB63A00820867 /* ProfileDesignSystem */,
				98CE6E89297D015B00465329 /* PinLayout */,
				982A7C05298FA2DE007AD7C2 /* MenualRepositoryTestSupport */,
				98A937062A061CDE00229093 /* GoogleMobileAds */,
				986EE7D22A06608D00A506DF /* SwiftyStoreKit */,
				986EE7D52A06652000A506DF /* Swinject */,
			);
			productName = Menual;
			productReference = 9888DDD927646EFF0091918F /* Menual.app */;
			productType = "com.apple.product-type.application";
		};
		9888DDEE27646F000091918F /* MenualTests */ = {
			isa = PBXNativeTarget;
			buildConfigurationList = 9888DE0627646F000091918F /* Build configuration list for PBXNativeTarget "MenualTests" */;
			buildPhases = (
				9888DDEB27646F000091918F /* Sources */,
				9888DDEC27646F000091918F /* Frameworks */,
				9888DDED27646F000091918F /* Resources */,
			);
			buildRules = (
			);
			dependencies = (
				9888DDF127646F000091918F /* PBXTargetDependency */,
			);
			name = MenualTests;
			productName = MenualTests;
			productReference = 9888DDEF27646F000091918F /* MenualTests.xctest */;
			productType = "com.apple.product-type.bundle.unit-test";
		};
		9888DDF827646F000091918F /* MenualUITests */ = {
			isa = PBXNativeTarget;
			buildConfigurationList = 9888DE0927646F000091918F /* Build configuration list for PBXNativeTarget "MenualUITests" */;
			buildPhases = (
				9888DDF527646F000091918F /* Sources */,
				9888DDF627646F000091918F /* Frameworks */,
				9888DDF727646F000091918F /* Resources */,
			);
			buildRules = (
			);
			dependencies = (
				9888DDFB27646F000091918F /* PBXTargetDependency */,
			);
			name = MenualUITests;
			productName = MenualUITests;
			productReference = 9888DDF927646F000091918F /* MenualUITests.xctest */;
			productType = "com.apple.product-type.bundle.ui-testing";
		};
		98C829032A189D7200C32B7B /* MenualAlpha */ = {
			isa = PBXNativeTarget;
			buildConfigurationList = 98C829742A189D7200C32B7B /* Build configuration list for PBXNativeTarget "MenualAlpha" */;
			buildPhases = (
				98C829342A189D7200C32B7B /* Run swiftgen */,
				98C829352A189D7200C32B7B /* Localized */,
				98C829362A189D7200C32B7B /* Sources */,
				98C829432A189D7200C32B7B /* Frameworks */,
				98C829692A189D7200C32B7B /* Resources */,
			);
			buildRules = (
				98C829732A189D7200C32B7B /* PBXBuildRule */,
			);
			dependencies = (
			);
			name = MenualAlpha;
			packageProductDependencies = (
				98C829042A189D7200C32B7B /* Then */,
				98C829062A189D7200C32B7B /* RxCocoa */,
				98C829082A189D7200C32B7B /* RxRelay */,
				98C829092A189D7200C32B7B /* RxSwift */,
				98C8290A2A189D7200C32B7B /* RIBs */,
				98C8290C2A189D7200C32B7B /* RxAppState */,
				98C8290E2A189D7200C32B7B /* SnapKit */,
				98C829102A189D7200C32B7B /* CropViewController */,
				98C829122A189D7200C32B7B /* TOCropViewController */,
				98C829132A189D7200C32B7B /* Realm */,
				98C829152A189D7200C32B7B /* RealmSwift */,
				98C829162A189D7200C32B7B /* ZipArchive */,
				98C829182A189D7200C32B7B /* FirebaseAnalytics */,
				98C8291A2A189D7200C32B7B /* FirebaseAnalyticsSwift */,
				98C8291B2A189D7200C32B7B /* DesignSystem */,
				98C8291C2A189D7200C32B7B /* MenualUtil */,
				98C8291D2A189D7200C32B7B /* MenualEntity */,
				98C8291E2A189D7200C32B7B /* ProfileOpensource */,
				98C8291F2A189D7200C32B7B /* ProfilePassword */,
				98C829202A189D7200C32B7B /* MenualRepository */,
				98C829212A189D7200C32B7B /* ProfileDeveloper */,
				98C829222A189D7200C32B7B /* ProfileHome */,
				98C829232A189D7200C32B7B /* DiaryBottomSheet */,
				98C829242A189D7200C32B7B /* DiaryDetail */,
				98C829252A189D7200C32B7B /* DiaryDetailImage */,
				98C829262A189D7200C32B7B /* DiaryHome */,
				98C829272A189D7200C32B7B /* DiarySearch */,
				98C829282A189D7200C32B7B /* DiaryTempSave */,
				98C829292A189D7200C32B7B /* DiaryWriting */,
				98C8292A2A189D7200C32B7B /* ProfileDesignSystem */,
				98C8292B2A189D7200C32B7B /* PinLayout */,
				98C8292D2A189D7200C32B7B /* MenualRepositoryTestSupport */,
				98C8292E2A189D7200C32B7B /* GoogleMobileAds */,
				98C829302A189D7200C32B7B /* SwiftyStoreKit */,
				98C829322A189D7200C32B7B /* Swinject */,
			);
			productName = Menual;
			productReference = 98C829772A189D7200C32B7B /* MenualAlpha.app */;
			productType = "com.apple.product-type.application";
		};
/* End PBXNativeTarget section */

/* Begin PBXProject section */
		9888DDD127646EFF0091918F /* Project object */ = {
			isa = PBXProject;
			attributes = {
				BuildIndependentTargetsInParallel = 1;
				LastSwiftUpdateCheck = 1430;
				LastUpgradeCheck = 1310;
				TargetAttributes = {
					9888DDD827646EFF0091918F = {
						CreatedOnToolsVersion = 13.1;
					};
					9888DDEE27646F000091918F = {
						CreatedOnToolsVersion = 13.1;
						TestTargetID = 9888DDD827646EFF0091918F;
					};
					9888DDF827646F000091918F = {
						CreatedOnToolsVersion = 13.1;
						TestTargetID = 9888DDD827646EFF0091918F;
					};
				};
			};
			buildConfigurationList = 9888DDD427646EFF0091918F /* Build configuration list for PBXProject "Menual" */;
			compatibilityVersion = "Xcode 13.0";
			developmentRegion = en;
			hasScannedForEncodings = 0;
			knownRegions = (
				en,
				Base,
				ko,
			);
			mainGroup = 9888DDD027646EFF0091918F;
			packageReferences = (
				98A6E1DF2973FDD4008CF101 /* XCRemoteSwiftPackageReference "Then" */,
				98A6E1E22973FDF2008CF101 /* XCRemoteSwiftPackageReference "RxSwift" */,
				98A6E1EE2974003C008CF101 /* XCRemoteSwiftPackageReference "RIBs" */,
				98A6E1F12974005C008CF101 /* XCRemoteSwiftPackageReference "RxAppState" */,
				98A6E1F429740075008CF101 /* XCRemoteSwiftPackageReference "SnapKit" */,
				98A6E1F729740099008CF101 /* XCRemoteSwiftPackageReference "TOCropViewController" */,
				985DE96B297401C700F9E7AD /* XCRemoteSwiftPackageReference "realm-swift" */,
				985DE9702974028500F9E7AD /* XCRemoteSwiftPackageReference "ZipArchive" */,
				985DE9732974036800F9E7AD /* XCRemoteSwiftPackageReference "firebase-ios-sdk" */,
				98CE6E88297D015B00465329 /* XCRemoteSwiftPackageReference "PinLayout" */,
				98E9BFBC297D18980045336D /* XCRemoteSwiftPackageReference "FlexLayoutForSPM" */,
				98A937052A061CDE00229093 /* XCRemoteSwiftPackageReference "swift-package-manager-google-mobile-ads" */,
				986EE7D12A06608D00A506DF /* XCRemoteSwiftPackageReference "SwiftyStoreKit" */,
				986EE7D42A06652000A506DF /* XCRemoteSwiftPackageReference "Swinject" */,
			);
			productRefGroup = 9888DDDA27646EFF0091918F /* Products */;
			projectDirPath = "";
			projectRoot = "";
			targets = (
				9888DDD827646EFF0091918F /* Menual */,
				98C829032A189D7200C32B7B /* MenualAlpha */,
				9888DDEE27646F000091918F /* MenualTests */,
				9888DDF827646F000091918F /* MenualUITests */,
			);
		};
/* End PBXProject section */

/* Begin PBXResourcesBuildPhase section */
		9888DDD727646EFF0091918F /* Resources */ = {
			isa = PBXResourcesBuildPhase;
			buildActionMask = 2147483647;
			files = (
				98D0EBEB27CA0AFF0076136E /* Montserrat ExtraBold.ttf in Resources */,
				98D0EBEE27CA0E190076136E /* SpoqaHanSansNeo Regular.otf in Resources */,
				9888DDE627646F000091918F /* Assets.xcassets in Resources */,
				98D0EBEF27CA0E190076136E /* SpoqaHanSansNeo Bold.otf in Resources */,
				98763D85299A811200EFA01B /* splashMenual@3x.png in Resources */,
				98281ECA278AC6A900736D59 /* GoogleService-Info.plist in Resources */,
				98763D84299A811200EFA01B /* splashMenual@2x.png in Resources */,
				98763D86299A8B6800EFA01B /* Launch Screen.storyboard in Resources */,
				98763D83299A811200EFA01B /* splashMenual.png in Resources */,
			);
			runOnlyForDeploymentPostprocessing = 0;
		};
		9888DDED27646F000091918F /* Resources */ = {
			isa = PBXResourcesBuildPhase;
			buildActionMask = 2147483647;
			files = (
			);
			runOnlyForDeploymentPostprocessing = 0;
		};
		9888DDF727646F000091918F /* Resources */ = {
			isa = PBXResourcesBuildPhase;
			buildActionMask = 2147483647;
			files = (
			);
			runOnlyForDeploymentPostprocessing = 0;
		};
		98C829692A189D7200C32B7B /* Resources */ = {
			isa = PBXResourcesBuildPhase;
			buildActionMask = 2147483647;
			files = (
				98C8296A2A189D7200C32B7B /* Montserrat ExtraBold.ttf in Resources */,
				98C8296B2A189D7200C32B7B /* SpoqaHanSansNeo Regular.otf in Resources */,
				98C8296C2A189D7200C32B7B /* Assets.xcassets in Resources */,
				98C8296D2A189D7200C32B7B /* SpoqaHanSansNeo Bold.otf in Resources */,
				98C8296E2A189D7200C32B7B /* splashMenual@3x.png in Resources */,
				98C8296F2A189D7200C32B7B /* GoogleService-Info.plist in Resources */,
				98C829702A189D7200C32B7B /* splashMenual@2x.png in Resources */,
				98C829712A189D7200C32B7B /* Launch Screen.storyboard in Resources */,
				98C829722A189D7200C32B7B /* splashMenual.png in Resources */,
			);
			runOnlyForDeploymentPostprocessing = 0;
		};
/* End PBXResourcesBuildPhase section */

/* Begin PBXShellScriptBuildPhase section */
		98239BEA27E43DA500E216F1 /* Run swiftgen */ = {
			isa = PBXShellScriptBuildPhase;
			buildActionMask = 8;
			files = (
			);
			inputFileListPaths = (
			);
			inputPaths = (
			);
			name = "Run swiftgen";
			outputFileListPaths = (
			);
			outputPaths = (
			);
			runOnlyForDeploymentPostprocessing = 1;
			shellPath = /bin/sh;
			shellScript = "PATH=/opt/homebrew/bin:$PATH\nswiftgen config run\n";
		};
		985A52B227F0244F00B10829 /* Localized */ = {
			isa = PBXShellScriptBuildPhase;
			buildActionMask = 8;
			files = (
			);
			inputFileListPaths = (
			);
			inputPaths = (
			);
			name = Localized;
			outputFileListPaths = (
			);
			outputPaths = (
			);
			runOnlyForDeploymentPostprocessing = 1;
			shellPath = /bin/sh;
			shellScript = "echo \"generating I18N.swift\"\n\ntouch tempI18N.swift\necho \"import Foundation\n\npublic extension String {\n    var localized: String {\n            return NSLocalizedString(self, tableName: nil, bundle: Bundle.module, value: \\\"\\\", comment: \\\"\\\")\n    }\n}\n\" >> tempI18N.swift\n\necho \"public struct MenualString {\" >> tempI18N.swift\n\ninputfile=${PROJECT_DIR}/Platform/Sources/DesignSystem/Resources/ko.lproj/Localizable.strings\nwhile IFS= read -r line\n\ndo\necho $line\npattern='^[a-zA-Z]+(.*)[\\\\s]*=[\\\\s]*(.*)$'\n\ncomment='\\/\\/.+'\n\nif [[ $line =~ $pattern ]]\nthen\n    echo \"Yes👌\"\n    variableName=$(echo ${line%%=*})\n    echo $variableName\n    if [ \"$variableName\" != \"\" ]; then\n        echo \"    public static let $variableName = \\\"$variableName\\\".localized\" >> tempI18N.swift\n    fi\nelse\n    if [[ $line =~ $comment ]]\n    then\n        echo \"Comment 📝\"\n        echo \"\\n    $line\" >> tempI18N.swift\n    else\n        echo \"No👎\"\n    fi\nfi\ndone <\"$inputfile\"\n\necho \"}\" >> tempI18N.swift\ncat tempI18N.swift > ${PROJECT_DIR}/Platform/Sources/DesignSystem/Localizations/I18N.swift\nrm tempI18N.swift\n\necho \"-------------\"\ncat $inputfile\ncat ${PROJECT_DIR}/Platform/Sources/DesignSystem/Localizations/I18N.swift\necho \"-------------\"\n";
		};
		98C829342A189D7200C32B7B /* Run swiftgen */ = {
			isa = PBXShellScriptBuildPhase;
			buildActionMask = 8;
			files = (
			);
			inputFileListPaths = (
			);
			inputPaths = (
			);
			name = "Run swiftgen";
			outputFileListPaths = (
			);
			outputPaths = (
			);
			runOnlyForDeploymentPostprocessing = 1;
			shellPath = /bin/sh;
			shellScript = "PATH=/opt/homebrew/bin:$PATH\nswiftgen config run\n";
		};
		98C829352A189D7200C32B7B /* Localized */ = {
			isa = PBXShellScriptBuildPhase;
			buildActionMask = 8;
			files = (
			);
			inputFileListPaths = (
			);
			inputPaths = (
			);
			name = Localized;
			outputFileListPaths = (
			);
			outputPaths = (
			);
			runOnlyForDeploymentPostprocessing = 1;
			shellPath = /bin/sh;
			shellScript = "echo \"generating I18N.swift\"\n\ntouch tempI18N.swift\necho \"import Foundation\n\npublic extension String {\n    var localized: String {\n            return NSLocalizedString(self, tableName: nil, bundle: Bundle.module, value: \\\"\\\", comment: \\\"\\\")\n    }\n}\n\" >> tempI18N.swift\n\necho \"public struct MenualString {\" >> tempI18N.swift\n\ninputfile=${PROJECT_DIR}/Platform/Sources/DesignSystem/Resources/ko.lproj/Localizable.strings\nwhile IFS= read -r line\n\ndo\necho $line\npattern='^[a-zA-Z]+(.*)[\\\\s]*=[\\\\s]*(.*)$'\n\ncomment='\\/\\/.+'\n\nif [[ $line =~ $pattern ]]\nthen\n    echo \"Yes👌\"\n    variableName=$(echo ${line%%=*})\n    echo $variableName\n    if [ \"$variableName\" != \"\" ]; then\n        echo \"    public static let $variableName = \\\"$variableName\\\".localized\" >> tempI18N.swift\n    fi\nelse\n    if [[ $line =~ $comment ]]\n    then\n        echo \"Comment 📝\"\n        echo \"\\n    $line\" >> tempI18N.swift\n    else\n        echo \"No👎\"\n    fi\nfi\ndone <\"$inputfile\"\n\necho \"}\" >> tempI18N.swift\ncat tempI18N.swift > ${PROJECT_DIR}/Platform/Sources/DesignSystem/Localizations/I18N.swift\nrm tempI18N.swift\n\necho \"-------------\"\ncat $inputfile\ncat ${PROJECT_DIR}/Platform/Sources/DesignSystem/Localizations/I18N.swift\necho \"-------------\"\n";
		};
/* End PBXShellScriptBuildPhase section */

/* Begin PBXSourcesBuildPhase section */
		9888DDD527646EFF0091918F /* Sources */ = {
			isa = PBXSourcesBuildPhase;
			buildActionMask = 2147483647;
			files = (
				9888DE152764825F0091918F /* AppRootBuilder.swift in Sources */,
				9888DE1D276484950091918F /* RootTabBarController.swift in Sources */,
				9888DE1B276483DD0091918F /* AppRootComponent.swift in Sources */,
				98763D97299BE6EA00EFA01B /* SplashBuilder.swift in Sources */,
				988A1879278AD17500DF81DA /* AppRootViewController.swift in Sources */,
				9888DE142764825F0091918F /* AppRootRouter.swift in Sources */,
				9888DE19276482CC0091918F /* AppComponent.swift in Sources */,
				98763D98299BE6EA00EFA01B /* SplashInteractor.swift in Sources */,
				9888DE162764825F0091918F /* AppRootInteractor.swift in Sources */,
				98763D95299BE6EA00EFA01B /* SplashRouter.swift in Sources */,
				9888DDDD27646EFF0091918F /* AppDelegate.swift in Sources */,
				98763D96299BE6EA00EFA01B /* SplashViewController.swift in Sources */,
			);
			runOnlyForDeploymentPostprocessing = 0;
		};
		9888DDEB27646F000091918F /* Sources */ = {
			isa = PBXSourcesBuildPhase;
			buildActionMask = 2147483647;
			files = (
			);
			runOnlyForDeploymentPostprocessing = 0;
		};
		9888DDF527646F000091918F /* Sources */ = {
			isa = PBXSourcesBuildPhase;
			buildActionMask = 2147483647;
			files = (
				9888DE0027646F000091918F /* MenualUITestsLaunchTests.swift in Sources */,
				9888DDFE27646F000091918F /* MenualUITests.swift in Sources */,
			);
			runOnlyForDeploymentPostprocessing = 0;
		};
		98C829362A189D7200C32B7B /* Sources */ = {
			isa = PBXSourcesBuildPhase;
			buildActionMask = 2147483647;
			files = (
				98C829372A189D7200C32B7B /* AppRootBuilder.swift in Sources */,
				98C829382A189D7200C32B7B /* RootTabBarController.swift in Sources */,
				98C829392A189D7200C32B7B /* AppRootComponent.swift in Sources */,
				98C8293A2A189D7200C32B7B /* SplashBuilder.swift in Sources */,
				98C8293B2A189D7200C32B7B /* AppRootViewController.swift in Sources */,
				98C8293C2A189D7200C32B7B /* AppRootRouter.swift in Sources */,
				98C8293D2A189D7200C32B7B /* AppComponent.swift in Sources */,
				98C8293E2A189D7200C32B7B /* SplashInteractor.swift in Sources */,
				98C8293F2A189D7200C32B7B /* AppRootInteractor.swift in Sources */,
				98C829402A189D7200C32B7B /* SplashRouter.swift in Sources */,
				98C829412A189D7200C32B7B /* AppDelegate.swift in Sources */,
				98C829422A189D7200C32B7B /* SplashViewController.swift in Sources */,
			);
			runOnlyForDeploymentPostprocessing = 0;
		};
/* End PBXSourcesBuildPhase section */

/* Begin PBXTargetDependency section */
		9888DDF127646F000091918F /* PBXTargetDependency */ = {
			isa = PBXTargetDependency;
			target = 9888DDD827646EFF0091918F /* Menual */;
			targetProxy = 9888DDF027646F000091918F /* PBXContainerItemProxy */;
		};
		9888DDFB27646F000091918F /* PBXTargetDependency */ = {
			isa = PBXTargetDependency;
			target = 9888DDD827646EFF0091918F /* Menual */;
			targetProxy = 9888DDFA27646F000091918F /* PBXContainerItemProxy */;
		};
/* End PBXTargetDependency section */

/* Begin PBXVariantGroup section */
		98763D88299A8B6800EFA01B /* Launch Screen.storyboard */ = {
			isa = PBXVariantGroup;
			children = (
				98763D89299A8BC300EFA01B /* Base */,
				98763D8C299BDE1200EFA01B /* ko */,
			);
			name = "Launch Screen.storyboard";
			sourceTree = "<group>";
		};
/* End PBXVariantGroup section */

/* Begin XCBuildConfiguration section */
		9888DE0127646F000091918F /* Debug */ = {
			isa = XCBuildConfiguration;
			buildSettings = {
				ALWAYS_SEARCH_USER_PATHS = NO;
				CLANG_ANALYZER_LOCALIZABILITY_NONLOCALIZED = YES;
				CLANG_ANALYZER_NONNULL = YES;
				CLANG_ANALYZER_NUMBER_OBJECT_CONVERSION = YES_AGGRESSIVE;
				CLANG_CXX_LANGUAGE_STANDARD = "gnu++17";
				CLANG_CXX_LIBRARY = "libc++";
				CLANG_ENABLE_MODULES = YES;
				CLANG_ENABLE_OBJC_ARC = YES;
				CLANG_ENABLE_OBJC_WEAK = YES;
				CLANG_WARN_BLOCK_CAPTURE_AUTORELEASING = YES;
				CLANG_WARN_BOOL_CONVERSION = YES;
				CLANG_WARN_COMMA = YES;
				CLANG_WARN_CONSTANT_CONVERSION = YES;
				CLANG_WARN_DEPRECATED_OBJC_IMPLEMENTATIONS = YES;
				CLANG_WARN_DIRECT_OBJC_ISA_USAGE = YES_ERROR;
				CLANG_WARN_DOCUMENTATION_COMMENTS = YES;
				CLANG_WARN_EMPTY_BODY = YES;
				CLANG_WARN_ENUM_CONVERSION = YES;
				CLANG_WARN_INFINITE_RECURSION = YES;
				CLANG_WARN_INT_CONVERSION = YES;
				CLANG_WARN_NON_LITERAL_NULL_CONVERSION = YES;
				CLANG_WARN_OBJC_IMPLICIT_RETAIN_SELF = YES;
				CLANG_WARN_OBJC_LITERAL_CONVERSION = YES;
				CLANG_WARN_OBJC_ROOT_CLASS = YES_ERROR;
				CLANG_WARN_QUOTED_INCLUDE_IN_FRAMEWORK_HEADER = YES;
				CLANG_WARN_RANGE_LOOP_ANALYSIS = YES;
				CLANG_WARN_STRICT_PROTOTYPES = YES;
				CLANG_WARN_SUSPICIOUS_MOVE = YES;
				CLANG_WARN_UNGUARDED_AVAILABILITY = YES_AGGRESSIVE;
				CLANG_WARN_UNREACHABLE_CODE = YES;
				CLANG_WARN__DUPLICATE_METHOD_MATCH = YES;
				COPY_PHASE_STRIP = NO;
				DEBUG_INFORMATION_FORMAT = dwarf;
				ENABLE_STRICT_OBJC_MSGSEND = YES;
				ENABLE_TESTABILITY = YES;
				GCC_C_LANGUAGE_STANDARD = gnu11;
				GCC_DYNAMIC_NO_PIC = NO;
				GCC_NO_COMMON_BLOCKS = YES;
				GCC_OPTIMIZATION_LEVEL = 0;
				GCC_PREPROCESSOR_DEFINITIONS = "FLEXLAYOUT_SWIFT_PACKAGE=1";
				GCC_PREPROCESSOR_DEFINITIONS_NOT_USED_IN_PRECOMPS = "";
				GCC_WARN_64_TO_32_BIT_CONVERSION = YES;
				GCC_WARN_ABOUT_RETURN_TYPE = YES_ERROR;
				GCC_WARN_UNDECLARED_SELECTOR = YES;
				GCC_WARN_UNINITIALIZED_AUTOS = YES_AGGRESSIVE;
				GCC_WARN_UNUSED_FUNCTION = YES;
				GCC_WARN_UNUSED_VARIABLE = YES;
				INFOPLIST_OTHER_PREPROCESSOR_FLAGS = "";
				INFOPLIST_PREPROCESSOR_DEFINITIONS = "";
				IPHONEOS_DEPLOYMENT_TARGET = 14.0;
				MTL_ENABLE_DEBUG_INFO = INCLUDE_SOURCE;
				MTL_FAST_MATH = YES;
				ONLY_ACTIVE_ARCH = YES;
				OTHER_LDFLAGS = "-ObjC";
				OTHER_SWIFT_FLAGS = "-D FLEXLAYOUT_SWIFT_PACKAGE=1 -D FLEXLAYOUT_SWIFT_PACKAGE";
				SDKROOT = iphoneos;
				SWIFT_ACTIVE_COMPILATION_CONDITIONS = DEBUG;
				SWIFT_OPTIMIZATION_LEVEL = "-Onone";
			};
			name = Debug;
		};
		9888DE0227646F000091918F /* Release */ = {
			isa = XCBuildConfiguration;
			buildSettings = {
				ALWAYS_SEARCH_USER_PATHS = NO;
				CLANG_ANALYZER_LOCALIZABILITY_NONLOCALIZED = YES;
				CLANG_ANALYZER_NONNULL = YES;
				CLANG_ANALYZER_NUMBER_OBJECT_CONVERSION = YES_AGGRESSIVE;
				CLANG_CXX_LANGUAGE_STANDARD = "gnu++17";
				CLANG_CXX_LIBRARY = "libc++";
				CLANG_ENABLE_MODULES = YES;
				CLANG_ENABLE_OBJC_ARC = YES;
				CLANG_ENABLE_OBJC_WEAK = YES;
				CLANG_WARN_BLOCK_CAPTURE_AUTORELEASING = YES;
				CLANG_WARN_BOOL_CONVERSION = YES;
				CLANG_WARN_COMMA = YES;
				CLANG_WARN_CONSTANT_CONVERSION = YES;
				CLANG_WARN_DEPRECATED_OBJC_IMPLEMENTATIONS = YES;
				CLANG_WARN_DIRECT_OBJC_ISA_USAGE = YES_ERROR;
				CLANG_WARN_DOCUMENTATION_COMMENTS = YES;
				CLANG_WARN_EMPTY_BODY = YES;
				CLANG_WARN_ENUM_CONVERSION = YES;
				CLANG_WARN_INFINITE_RECURSION = YES;
				CLANG_WARN_INT_CONVERSION = YES;
				CLANG_WARN_NON_LITERAL_NULL_CONVERSION = YES;
				CLANG_WARN_OBJC_IMPLICIT_RETAIN_SELF = YES;
				CLANG_WARN_OBJC_LITERAL_CONVERSION = YES;
				CLANG_WARN_OBJC_ROOT_CLASS = YES_ERROR;
				CLANG_WARN_QUOTED_INCLUDE_IN_FRAMEWORK_HEADER = YES;
				CLANG_WARN_RANGE_LOOP_ANALYSIS = YES;
				CLANG_WARN_STRICT_PROTOTYPES = YES;
				CLANG_WARN_SUSPICIOUS_MOVE = YES;
				CLANG_WARN_UNGUARDED_AVAILABILITY = YES_AGGRESSIVE;
				CLANG_WARN_UNREACHABLE_CODE = YES;
				CLANG_WARN__DUPLICATE_METHOD_MATCH = YES;
				COPY_PHASE_STRIP = NO;
				DEBUG_INFORMATION_FORMAT = "dwarf-with-dsym";
				ENABLE_NS_ASSERTIONS = NO;
				ENABLE_STRICT_OBJC_MSGSEND = YES;
				GCC_C_LANGUAGE_STANDARD = gnu11;
				GCC_NO_COMMON_BLOCKS = YES;
				GCC_PREPROCESSOR_DEFINITIONS = "FLEXLAYOUT_SWIFT_PACKAGE=1";
				GCC_PREPROCESSOR_DEFINITIONS_NOT_USED_IN_PRECOMPS = "";
				GCC_WARN_64_TO_32_BIT_CONVERSION = YES;
				GCC_WARN_ABOUT_RETURN_TYPE = YES_ERROR;
				GCC_WARN_UNDECLARED_SELECTOR = YES;
				GCC_WARN_UNINITIALIZED_AUTOS = YES_AGGRESSIVE;
				GCC_WARN_UNUSED_FUNCTION = YES;
				GCC_WARN_UNUSED_VARIABLE = YES;
				INFOPLIST_OTHER_PREPROCESSOR_FLAGS = "";
				INFOPLIST_PREPROCESSOR_DEFINITIONS = "";
				IPHONEOS_DEPLOYMENT_TARGET = 14.0;
				MTL_ENABLE_DEBUG_INFO = NO;
				MTL_FAST_MATH = YES;
				OTHER_LDFLAGS = "-ObjC";
				OTHER_SWIFT_FLAGS = "-D FLEXLAYOUT_SWIFT_PACKAGE=1 -D FLEXLAYOUT_SWIFT_PACKAGE";
				SDKROOT = iphoneos;
				SWIFT_COMPILATION_MODE = wholemodule;
				SWIFT_OPTIMIZATION_LEVEL = "-O";
				VALIDATE_PRODUCT = YES;
			};
			name = Release;
		};
		9888DE0427646F000091918F /* Debug */ = {
			isa = XCBuildConfiguration;
			buildSettings = {
				ASSETCATALOG_COMPILER_APPICON_NAME = AppIcon;
				ASSETCATALOG_COMPILER_GLOBAL_ACCENT_COLOR_NAME = AccentColor;
				ASSETCATALOG_COMPILER_LAUNCHIMAGE_NAME = "";
				CODE_SIGN_ENTITLEMENTS = Menual/Menual.entitlements;
				CODE_SIGN_IDENTITY = "Apple Development";
				CODE_SIGN_STYLE = Automatic;
				CURRENT_PROJECT_VERSION = 4;
				DEVELOPMENT_TEAM = V237TD2AXA;
				GENERATE_INFOPLIST_FILE = YES;
				INFOPLIST_FILE = Menual/Info.plist;
				INFOPLIST_KEY_CFBundleDisplayName = Menual;
				INFOPLIST_KEY_LSApplicationCategoryType = "public.app-category.lifestyle";
				INFOPLIST_KEY_NSCameraUsageDescription = "사진을 촬영하여 메뉴얼에 첨부하는 기능 사용을 위해 카메라 권한을 허용합니다.";
				INFOPLIST_KEY_NSPhotoLibraryAddUsageDescription = "사진을 선택하여 메뉴얼에 첨부하는 기능 사용을 위해 사진 라이브러리에 접근하도록 허용합니다.";
				INFOPLIST_KEY_NSUserTrackingUsageDescription = "앱의 광고 타겟팅을 개선하기 위해 광고 ID를 사용합니다.";
				INFOPLIST_KEY_UIApplicationSupportsIndirectInputEvents = YES;
				INFOPLIST_KEY_UILaunchStoryboardName = "";
				INFOPLIST_KEY_UIStatusBarStyle = UIStatusBarStyleDarkContent;
				INFOPLIST_KEY_UISupportedInterfaceOrientations = UIInterfaceOrientationPortrait;
				INFOPLIST_KEY_UISupportedInterfaceOrientations_iPad = "UIInterfaceOrientationLandscapeLeft UIInterfaceOrientationLandscapeRight UIInterfaceOrientationPortrait UIInterfaceOrientationPortraitUpsideDown";
				IPHONEOS_DEPLOYMENT_TARGET = 14.0;
				LD_RUNPATH_SEARCH_PATHS = (
					"$(inherited)",
					"@executable_path/Frameworks",
				);
				MARKETING_VERSION = 2.2;
				PRODUCT_BUNDLE_IDENTIFIER = com.jjikkyu.menual;
				PRODUCT_NAME = "$(TARGET_NAME)";
				PROVISIONING_PROFILE_SPECIFIER = "";
				SUPPORTED_PLATFORMS = "iphoneos iphonesimulator";
				SUPPORTS_MACCATALYST = NO;
				SUPPORTS_MAC_DESIGNED_FOR_IPHONE_IPAD = NO;
				SWIFT_ACTIVE_COMPILATION_CONDITIONS = DEBUG;
				SWIFT_EMIT_LOC_STRINGS = YES;
				SWIFT_VERSION = 5.0;
				TARGETED_DEVICE_FAMILY = 1;
			};
			name = Debug;
		};
		9888DE0527646F000091918F /* Release */ = {
			isa = XCBuildConfiguration;
			buildSettings = {
				ASSETCATALOG_COMPILER_APPICON_NAME = AppIcon;
				ASSETCATALOG_COMPILER_GLOBAL_ACCENT_COLOR_NAME = AccentColor;
				ASSETCATALOG_COMPILER_LAUNCHIMAGE_NAME = "";
				CODE_SIGN_ENTITLEMENTS = Menual/Menual.entitlements;
				CODE_SIGN_IDENTITY = "Apple Development";
				CODE_SIGN_STYLE = Automatic;
				CURRENT_PROJECT_VERSION = 4;
				DEVELOPMENT_TEAM = V237TD2AXA;
				GENERATE_INFOPLIST_FILE = YES;
				INFOPLIST_FILE = Menual/Info.plist;
				INFOPLIST_KEY_CFBundleDisplayName = Menual;
				INFOPLIST_KEY_LSApplicationCategoryType = "public.app-category.lifestyle";
				INFOPLIST_KEY_NSCameraUsageDescription = "사진을 촬영하여 메뉴얼에 첨부하는 기능 사용을 위해 카메라 권한을 허용합니다.";
				INFOPLIST_KEY_NSPhotoLibraryAddUsageDescription = "사진을 선택하여 메뉴얼에 첨부하는 기능 사용을 위해 사진 라이브러리에 접근하도록 허용합니다.";
				INFOPLIST_KEY_NSUserTrackingUsageDescription = "앱의 광고 타겟팅을 개선하기 위해 광고 ID를 사용합니다.";
				INFOPLIST_KEY_UIApplicationSupportsIndirectInputEvents = YES;
				INFOPLIST_KEY_UILaunchStoryboardName = "";
				INFOPLIST_KEY_UIStatusBarStyle = UIStatusBarStyleDarkContent;
				INFOPLIST_KEY_UISupportedInterfaceOrientations = UIInterfaceOrientationPortrait;
				INFOPLIST_KEY_UISupportedInterfaceOrientations_iPad = "UIInterfaceOrientationLandscapeLeft UIInterfaceOrientationLandscapeRight UIInterfaceOrientationPortrait UIInterfaceOrientationPortraitUpsideDown";
				IPHONEOS_DEPLOYMENT_TARGET = 14.0;
				LD_RUNPATH_SEARCH_PATHS = (
					"$(inherited)",
					"@executable_path/Frameworks",
				);
				MARKETING_VERSION = 2.2;
				PRODUCT_BUNDLE_IDENTIFIER = com.jjikkyu.menual;
				PRODUCT_NAME = "$(TARGET_NAME)";
				PROVISIONING_PROFILE_SPECIFIER = "";
				SUPPORTED_PLATFORMS = "iphoneos iphonesimulator";
				SUPPORTS_MACCATALYST = NO;
				SUPPORTS_MAC_DESIGNED_FOR_IPHONE_IPAD = NO;
				SWIFT_EMIT_LOC_STRINGS = YES;
				SWIFT_VERSION = 5.0;
				TARGETED_DEVICE_FAMILY = 1;
			};
			name = Release;
		};
		9888DE0727646F000091918F /* Debug */ = {
			isa = XCBuildConfiguration;
			buildSettings = {
				ALWAYS_EMBED_SWIFT_STANDARD_LIBRARIES = YES;
				BUNDLE_LOADER = "$(TEST_HOST)";
				CODE_SIGN_STYLE = Automatic;
				CURRENT_PROJECT_VERSION = 4;
				DEVELOPMENT_TEAM = V237TD2AXA;
				GENERATE_INFOPLIST_FILE = YES;
				IPHONEOS_DEPLOYMENT_TARGET = 15.0;
				LD_RUNPATH_SEARCH_PATHS = (
					"$(inherited)",
					"@executable_path/Frameworks",
					"@loader_path/Frameworks",
				);
				MARKETING_VERSION = 1.0;
				PRODUCT_BUNDLE_IDENTIFIER = com.jjikkyu.MenualTests;
				PRODUCT_NAME = "$(TARGET_NAME)";
				SWIFT_EMIT_LOC_STRINGS = NO;
				SWIFT_VERSION = 5.0;
				TARGETED_DEVICE_FAMILY = "1,2";
				TEST_HOST = "$(BUILT_PRODUCTS_DIR)/Menual.app/Menual";
			};
			name = Debug;
		};
		9888DE0827646F000091918F /* Release */ = {
			isa = XCBuildConfiguration;
			buildSettings = {
				ALWAYS_EMBED_SWIFT_STANDARD_LIBRARIES = YES;
				BUNDLE_LOADER = "$(TEST_HOST)";
				CODE_SIGN_STYLE = Automatic;
				DEVELOPMENT_TEAM = V237TD2AXA;
				GENERATE_INFOPLIST_FILE = YES;
				IPHONEOS_DEPLOYMENT_TARGET = 15.0;
				LD_RUNPATH_SEARCH_PATHS = (
					"$(inherited)",
					"@executable_path/Frameworks",
					"@loader_path/Frameworks",
				);
				MARKETING_VERSION = 1.0;
				PRODUCT_BUNDLE_IDENTIFIER = com.jjikkyu.MenualTests;
				PRODUCT_NAME = "$(TARGET_NAME)";
				SWIFT_EMIT_LOC_STRINGS = NO;
				SWIFT_VERSION = 5.0;
				TARGETED_DEVICE_FAMILY = "1,2";
				TEST_HOST = "$(BUILT_PRODUCTS_DIR)/Menual.app/Menual";
			};
			name = Release;
		};
		9888DE0A27646F000091918F /* Debug */ = {
			isa = XCBuildConfiguration;
			buildSettings = {
				ALWAYS_EMBED_SWIFT_STANDARD_LIBRARIES = YES;
				CODE_SIGN_STYLE = Automatic;
				CURRENT_PROJECT_VERSION = 4;
				DEVELOPMENT_TEAM = V237TD2AXA;
				GENERATE_INFOPLIST_FILE = YES;
				LD_RUNPATH_SEARCH_PATHS = (
					"$(inherited)",
					"@executable_path/Frameworks",
					"@loader_path/Frameworks",
				);
				MARKETING_VERSION = 1.0;
				PRODUCT_BUNDLE_IDENTIFIER = com.jjikkyu.MenualUITests;
				PRODUCT_NAME = "$(TARGET_NAME)";
				SWIFT_EMIT_LOC_STRINGS = NO;
				SWIFT_VERSION = 5.0;
				TARGETED_DEVICE_FAMILY = "1,2";
				TEST_TARGET_NAME = Menual;
			};
			name = Debug;
		};
		9888DE0B27646F000091918F /* Release */ = {
			isa = XCBuildConfiguration;
			buildSettings = {
				ALWAYS_EMBED_SWIFT_STANDARD_LIBRARIES = YES;
				CODE_SIGN_STYLE = Automatic;
				CURRENT_PROJECT_VERSION = 4;
				DEVELOPMENT_TEAM = V237TD2AXA;
				GENERATE_INFOPLIST_FILE = YES;
				LD_RUNPATH_SEARCH_PATHS = (
					"$(inherited)",
					"@executable_path/Frameworks",
					"@loader_path/Frameworks",
				);
				MARKETING_VERSION = 1.0;
				PRODUCT_BUNDLE_IDENTIFIER = com.jjikkyu.MenualUITests;
				PRODUCT_NAME = "$(TARGET_NAME)";
				SWIFT_EMIT_LOC_STRINGS = NO;
				SWIFT_VERSION = 5.0;
				TARGETED_DEVICE_FAMILY = "1,2";
				TEST_TARGET_NAME = Menual;
			};
			name = Release;
		};
		98C829752A189D7200C32B7B /* Debug */ = {
			isa = XCBuildConfiguration;
			buildSettings = {
				ASSETCATALOG_COMPILER_APPICON_NAME = AppIcon;
				ASSETCATALOG_COMPILER_GLOBAL_ACCENT_COLOR_NAME = AccentColor;
				ASSETCATALOG_COMPILER_LAUNCHIMAGE_NAME = "";
				CODE_SIGN_ENTITLEMENTS = Menual/Menual.entitlements;
				CODE_SIGN_IDENTITY = "Apple Development";
				CODE_SIGN_STYLE = Automatic;
				CURRENT_PROJECT_VERSION = 4;
				DEVELOPMENT_TEAM = V237TD2AXA;
				GENERATE_INFOPLIST_FILE = YES;
				INFOPLIST_FILE = "Alpha-Info.plist";
				INFOPLIST_KEY_CFBundleDisplayName = MenualAlpha;
				INFOPLIST_KEY_LSApplicationCategoryType = "public.app-category.lifestyle";
				INFOPLIST_KEY_NSCameraUsageDescription = "사진을 촬영하여 메뉴얼에 첨부하는 기능 사용을 위해 카메라 권한을 허용합니다.";
				INFOPLIST_KEY_NSPhotoLibraryAddUsageDescription = "사진을 선택하여 메뉴얼에 첨부하는 기능 사용을 위해 사진 라이브러리에 접근하도록 허용합니다.";
				INFOPLIST_KEY_NSUserTrackingUsageDescription = "앱의 광고 타겟팅을 개선하기 위해 광고 ID를 사용합니다.";
				INFOPLIST_KEY_UIApplicationSupportsIndirectInputEvents = YES;
				INFOPLIST_KEY_UILaunchStoryboardName = "";
				INFOPLIST_KEY_UIStatusBarStyle = UIStatusBarStyleDarkContent;
				INFOPLIST_KEY_UISupportedInterfaceOrientations = UIInterfaceOrientationPortrait;
				INFOPLIST_KEY_UISupportedInterfaceOrientations_iPad = "UIInterfaceOrientationLandscapeLeft UIInterfaceOrientationLandscapeRight UIInterfaceOrientationPortrait UIInterfaceOrientationPortraitUpsideDown";
				IPHONEOS_DEPLOYMENT_TARGET = 14.0;
				LD_RUNPATH_SEARCH_PATHS = (
					"$(inherited)",
					"@executable_path/Frameworks",
				);
				MARKETING_VERSION = 2.2;
				PRODUCT_BUNDLE_IDENTIFIER = com.jjikkyu.menualAlpha;
				PRODUCT_NAME = "$(TARGET_NAME)";
				PROVISIONING_PROFILE_SPECIFIER = "";
				SUPPORTED_PLATFORMS = "iphoneos iphonesimulator";
				SUPPORTS_MACCATALYST = NO;
				SUPPORTS_MAC_DESIGNED_FOR_IPHONE_IPAD = NO;
				SWIFT_ACTIVE_COMPILATION_CONDITIONS = DEBUG;
				SWIFT_EMIT_LOC_STRINGS = YES;
				SWIFT_VERSION = 5.0;
				TARGETED_DEVICE_FAMILY = 1;
			};
			name = Debug;
		};
		98C829762A189D7200C32B7B /* Release */ = {
			isa = XCBuildConfiguration;
			buildSettings = {
				ASSETCATALOG_COMPILER_APPICON_NAME = AppIcon;
				ASSETCATALOG_COMPILER_GLOBAL_ACCENT_COLOR_NAME = AccentColor;
				ASSETCATALOG_COMPILER_LAUNCHIMAGE_NAME = "";
				CODE_SIGN_ENTITLEMENTS = Menual/Menual.entitlements;
				CODE_SIGN_IDENTITY = "Apple Development";
				CODE_SIGN_STYLE = Automatic;
				CURRENT_PROJECT_VERSION = 4;
				DEVELOPMENT_TEAM = V237TD2AXA;
				GENERATE_INFOPLIST_FILE = YES;
				INFOPLIST_FILE = "Alpha-Info.plist";
				INFOPLIST_KEY_CFBundleDisplayName = MenualAlpha;
				INFOPLIST_KEY_LSApplicationCategoryType = "public.app-category.lifestyle";
				INFOPLIST_KEY_NSCameraUsageDescription = "사진을 촬영하여 메뉴얼에 첨부하는 기능 사용을 위해 카메라 권한을 허용합니다.";
				INFOPLIST_KEY_NSPhotoLibraryAddUsageDescription = "사진을 선택하여 메뉴얼에 첨부하는 기능 사용을 위해 사진 라이브러리에 접근하도록 허용합니다.";
				INFOPLIST_KEY_NSUserTrackingUsageDescription = "앱의 광고 타겟팅을 개선하기 위해 광고 ID를 사용합니다.";
				INFOPLIST_KEY_UIApplicationSupportsIndirectInputEvents = YES;
				INFOPLIST_KEY_UILaunchStoryboardName = "";
				INFOPLIST_KEY_UIStatusBarStyle = UIStatusBarStyleDarkContent;
				INFOPLIST_KEY_UISupportedInterfaceOrientations = UIInterfaceOrientationPortrait;
				INFOPLIST_KEY_UISupportedInterfaceOrientations_iPad = "UIInterfaceOrientationLandscapeLeft UIInterfaceOrientationLandscapeRight UIInterfaceOrientationPortrait UIInterfaceOrientationPortraitUpsideDown";
				IPHONEOS_DEPLOYMENT_TARGET = 14.0;
				LD_RUNPATH_SEARCH_PATHS = (
					"$(inherited)",
					"@executable_path/Frameworks",
				);
				MARKETING_VERSION = 2.2;
				PRODUCT_BUNDLE_IDENTIFIER = com.jjikkyu.menualAlpha;
				PRODUCT_NAME = "$(TARGET_NAME)";
				PROVISIONING_PROFILE_SPECIFIER = "";
				SUPPORTED_PLATFORMS = "iphoneos iphonesimulator";
				SUPPORTS_MACCATALYST = NO;
				SUPPORTS_MAC_DESIGNED_FOR_IPHONE_IPAD = NO;
				SWIFT_EMIT_LOC_STRINGS = YES;
				SWIFT_VERSION = 5.0;
				TARGETED_DEVICE_FAMILY = 1;
			};
			name = Release;
		};
/* End XCBuildConfiguration section */

/* Begin XCConfigurationList section */
		9888DDD427646EFF0091918F /* Build configuration list for PBXProject "Menual" */ = {
			isa = XCConfigurationList;
			buildConfigurations = (
				9888DE0127646F000091918F /* Debug */,
				9888DE0227646F000091918F /* Release */,
			);
			defaultConfigurationIsVisible = 0;
			defaultConfigurationName = Release;
		};
		9888DE0327646F000091918F /* Build configuration list for PBXNativeTarget "Menual" */ = {
			isa = XCConfigurationList;
			buildConfigurations = (
				9888DE0427646F000091918F /* Debug */,
				9888DE0527646F000091918F /* Release */,
			);
			defaultConfigurationIsVisible = 0;
			defaultConfigurationName = Release;
		};
		9888DE0627646F000091918F /* Build configuration list for PBXNativeTarget "MenualTests" */ = {
			isa = XCConfigurationList;
			buildConfigurations = (
				9888DE0727646F000091918F /* Debug */,
				9888DE0827646F000091918F /* Release */,
			);
			defaultConfigurationIsVisible = 0;
			defaultConfigurationName = Release;
		};
		9888DE0927646F000091918F /* Build configuration list for PBXNativeTarget "MenualUITests" */ = {
			isa = XCConfigurationList;
			buildConfigurations = (
				9888DE0A27646F000091918F /* Debug */,
				9888DE0B27646F000091918F /* Release */,
			);
			defaultConfigurationIsVisible = 0;
			defaultConfigurationName = Release;
		};
		98C829742A189D7200C32B7B /* Build configuration list for PBXNativeTarget "MenualAlpha" */ = {
			isa = XCConfigurationList;
			buildConfigurations = (
				98C829752A189D7200C32B7B /* Debug */,
				98C829762A189D7200C32B7B /* Release */,
			);
			defaultConfigurationIsVisible = 0;
			defaultConfigurationName = Release;
		};
/* End XCConfigurationList section */

/* Begin XCRemoteSwiftPackageReference section */
		985DE96B297401C700F9E7AD /* XCRemoteSwiftPackageReference "realm-swift" */ = {
			isa = XCRemoteSwiftPackageReference;
			repositoryURL = "https://github.com/realm/realm-swift";
			requirement = {
				kind = upToNextMajorVersion;
				minimumVersion = 10.20.1;
			};
		};
		985DE9702974028500F9E7AD /* XCRemoteSwiftPackageReference "ZipArchive" */ = {
			isa = XCRemoteSwiftPackageReference;
			repositoryURL = "https://github.com/ZipArchive/ZipArchive.git";
			requirement = {
				kind = upToNextMinorVersion;
				minimumVersion = 2.4.3;
			};
		};
		985DE9732974036800F9E7AD /* XCRemoteSwiftPackageReference "firebase-ios-sdk" */ = {
			isa = XCRemoteSwiftPackageReference;
			repositoryURL = "https://github.com/firebase/firebase-ios-sdk.git";
			requirement = {
				kind = upToNextMajorVersion;
				minimumVersion = 9.0.0;
			};
		};
		986EE7D12A06608D00A506DF /* XCRemoteSwiftPackageReference "SwiftyStoreKit" */ = {
			isa = XCRemoteSwiftPackageReference;
			repositoryURL = "https://github.com/bizz84/SwiftyStoreKit.git";
			requirement = {
				kind = upToNextMajorVersion;
				minimumVersion = 0.9.3;
			};
		};
		986EE7D42A06652000A506DF /* XCRemoteSwiftPackageReference "Swinject" */ = {
			isa = XCRemoteSwiftPackageReference;
			repositoryURL = "https://github.com/Swinject/Swinject.git";
			requirement = {
				kind = upToNextMajorVersion;
				minimumVersion = 2.0.0;
			};
		};
		98A6E1DF2973FDD4008CF101 /* XCRemoteSwiftPackageReference "Then" */ = {
			isa = XCRemoteSwiftPackageReference;
			repositoryURL = "https://github.com/devxoul/Then";
			requirement = {
				kind = upToNextMinorVersion;
				minimumVersion = 3.0.0;
			};
		};
		98A6E1E22973FDF2008CF101 /* XCRemoteSwiftPackageReference "RxSwift" */ = {
			isa = XCRemoteSwiftPackageReference;
			repositoryURL = "https://github.com/ReactiveX/RxSwift.git";
			requirement = {
				kind = upToNextMinorVersion;
				minimumVersion = 6.0.0;
			};
		};
		98A6E1EE2974003C008CF101 /* XCRemoteSwiftPackageReference "RIBs" */ = {
			isa = XCRemoteSwiftPackageReference;
			repositoryURL = "https://github.com/uber/RIBs.git";
			requirement = {
				branch = main;
				kind = branch;
			};
		};
		98A6E1F12974005C008CF101 /* XCRemoteSwiftPackageReference "RxAppState" */ = {
			isa = XCRemoteSwiftPackageReference;
			repositoryURL = "https://github.com/pixeldock/RxAppState";
			requirement = {
				kind = upToNextMajorVersion;
				minimumVersion = 1.0.0;
			};
		};
		98A6E1F429740075008CF101 /* XCRemoteSwiftPackageReference "SnapKit" */ = {
			isa = XCRemoteSwiftPackageReference;
			repositoryURL = "https://github.com/SnapKit/SnapKit.git";
			requirement = {
				kind = upToNextMajorVersion;
				minimumVersion = 5.0.0;
			};
		};
		98A6E1F729740099008CF101 /* XCRemoteSwiftPackageReference "TOCropViewController" */ = {
			isa = XCRemoteSwiftPackageReference;
			repositoryURL = "https://github.com/JJIKKYU/TOCropViewController";
			requirement = {
				branch = main;
				kind = branch;
			};
		};
		98A937052A061CDE00229093 /* XCRemoteSwiftPackageReference "swift-package-manager-google-mobile-ads" */ = {
			isa = XCRemoteSwiftPackageReference;
			repositoryURL = "https://github.com/googleads/swift-package-manager-google-mobile-ads.git";
			requirement = {
				kind = upToNextMajorVersion;
				minimumVersion = 9.0.0;
			};
		};
		98C829052A189D7200C32B7B /* XCRemoteSwiftPackageReference "Then" */ = {
			isa = XCRemoteSwiftPackageReference;
			repositoryURL = "https://github.com/devxoul/Then";
			requirement = {
				kind = upToNextMinorVersion;
				minimumVersion = 3.0.0;
			};
		};
		98C829072A189D7200C32B7B /* XCRemoteSwiftPackageReference "RxSwift" */ = {
			isa = XCRemoteSwiftPackageReference;
			repositoryURL = "https://github.com/ReactiveX/RxSwift.git";
			requirement = {
				kind = upToNextMinorVersion;
				minimumVersion = 6.0.0;
			};
		};
		98C8290B2A189D7200C32B7B /* XCRemoteSwiftPackageReference "RIBs" */ = {
			isa = XCRemoteSwiftPackageReference;
			repositoryURL = "https://github.com/uber/RIBs.git";
			requirement = {
				branch = main;
				kind = branch;
			};
		};
		98C8290D2A189D7200C32B7B /* XCRemoteSwiftPackageReference "RxAppState" */ = {
			isa = XCRemoteSwiftPackageReference;
			repositoryURL = "https://github.com/pixeldock/RxAppState";
			requirement = {
				kind = upToNextMajorVersion;
				minimumVersion = 1.0.0;
			};
		};
		98C8290F2A189D7200C32B7B /* XCRemoteSwiftPackageReference "SnapKit" */ = {
			isa = XCRemoteSwiftPackageReference;
			repositoryURL = "https://github.com/SnapKit/SnapKit.git";
			requirement = {
				kind = upToNextMajorVersion;
				minimumVersion = 5.0.0;
			};
		};
		98C829112A189D7200C32B7B /* XCRemoteSwiftPackageReference "TOCropViewController" */ = {
			isa = XCRemoteSwiftPackageReference;
			repositoryURL = "https://github.com/JJIKKYU/TOCropViewController";
			requirement = {
				branch = main;
				kind = branch;
			};
		};
		98C829142A189D7200C32B7B /* XCRemoteSwiftPackageReference "realm-swift" */ = {
			isa = XCRemoteSwiftPackageReference;
			repositoryURL = "https://github.com/realm/realm-swift";
			requirement = {
				kind = upToNextMajorVersion;
				minimumVersion = 10.20.1;
			};
		};
		98C829172A189D7200C32B7B /* XCRemoteSwiftPackageReference "ZipArchive" */ = {
			isa = XCRemoteSwiftPackageReference;
			repositoryURL = "https://github.com/ZipArchive/ZipArchive.git";
			requirement = {
				kind = upToNextMinorVersion;
				minimumVersion = 2.4.3;
			};
		};
		98C829192A189D7200C32B7B /* XCRemoteSwiftPackageReference "firebase-ios-sdk" */ = {
			isa = XCRemoteSwiftPackageReference;
			repositoryURL = "https://github.com/firebase/firebase-ios-sdk.git";
			requirement = {
				kind = upToNextMajorVersion;
				minimumVersion = 9.0.0;
			};
		};
		98C8292C2A189D7200C32B7B /* XCRemoteSwiftPackageReference "PinLayout" */ = {
			isa = XCRemoteSwiftPackageReference;
			repositoryURL = "https://github.com/layoutBox/PinLayout";
			requirement = {
				kind = upToNextMajorVersion;
				minimumVersion = 1.0.0;
			};
		};
		98C8292F2A189D7200C32B7B /* XCRemoteSwiftPackageReference "swift-package-manager-google-mobile-ads" */ = {
			isa = XCRemoteSwiftPackageReference;
			repositoryURL = "https://github.com/googleads/swift-package-manager-google-mobile-ads.git";
			requirement = {
				kind = upToNextMajorVersion;
				minimumVersion = 9.0.0;
			};
		};
		98C829312A189D7200C32B7B /* XCRemoteSwiftPackageReference "SwiftyStoreKit" */ = {
			isa = XCRemoteSwiftPackageReference;
			repositoryURL = "https://github.com/bizz84/SwiftyStoreKit.git";
			requirement = {
				kind = upToNextMajorVersion;
				minimumVersion = 0.9.3;
			};
		};
		98C829332A189D7200C32B7B /* XCRemoteSwiftPackageReference "Swinject" */ = {
			isa = XCRemoteSwiftPackageReference;
			repositoryURL = "https://github.com/Swinject/Swinject.git";
			requirement = {
				kind = upToNextMajorVersion;
				minimumVersion = 2.0.0;
			};
		};
		98CE6E88297D015B00465329 /* XCRemoteSwiftPackageReference "PinLayout" */ = {
			isa = XCRemoteSwiftPackageReference;
			repositoryURL = "https://github.com/layoutBox/PinLayout";
			requirement = {
				kind = upToNextMajorVersion;
				minimumVersion = 1.0.0;
			};
		};
		98E9BFBC297D18980045336D /* XCRemoteSwiftPackageReference "FlexLayoutForSPM" */ = {
			isa = XCRemoteSwiftPackageReference;
			repositoryURL = "https://github.com/JJIKKYU/FlexLayoutForSPM";
			requirement = {
				branch = master;
				kind = branch;
			};
		};
/* End XCRemoteSwiftPackageReference section */

/* Begin XCSwiftPackageProductDependency section */
		98100497297AB53800820867 /* DiaryBottomSheet */ = {
			isa = XCSwiftPackageProductDependency;
			productName = DiaryBottomSheet;
		};
		98100499297AB53800820867 /* DiaryDetail */ = {
			isa = XCSwiftPackageProductDependency;
			productName = DiaryDetail;
		};
		9810049B297AB53800820867 /* DiaryDetailImage */ = {
			isa = XCSwiftPackageProductDependency;
			productName = DiaryDetailImage;
		};
		9810049D297AB53800820867 /* DiaryHome */ = {
			isa = XCSwiftPackageProductDependency;
			productName = DiaryHome;
		};
		9810049F297AB53800820867 /* DiarySearch */ = {
			isa = XCSwiftPackageProductDependency;
			productName = DiarySearch;
		};
		981004A1297AB53800820867 /* DiaryTempSave */ = {
			isa = XCSwiftPackageProductDependency;
			productName = DiaryTempSave;
		};
		981004A3297AB53800820867 /* DiaryWriting */ = {
			isa = XCSwiftPackageProductDependency;
			productName = DiaryWriting;
		};
		981004A5297AB63A00820867 /* ProfileDesignSystem */ = {
			isa = XCSwiftPackageProductDependency;
			productName = ProfileDesignSystem;
		};
		982A7C05298FA2DE007AD7C2 /* MenualRepositoryTestSupport */ = {
			isa = XCSwiftPackageProductDependency;
			productName = MenualRepositoryTestSupport;
		};
		985DE96C297401C700F9E7AD /* Realm */ = {
			isa = XCSwiftPackageProductDependency;
			package = 985DE96B297401C700F9E7AD /* XCRemoteSwiftPackageReference "realm-swift" */;
			productName = Realm;
		};
		985DE96E297401C700F9E7AD /* RealmSwift */ = {
			isa = XCSwiftPackageProductDependency;
			package = 985DE96B297401C700F9E7AD /* XCRemoteSwiftPackageReference "realm-swift" */;
			productName = RealmSwift;
		};
		985DE9712974028500F9E7AD /* ZipArchive */ = {
			isa = XCSwiftPackageProductDependency;
			package = 985DE9702974028500F9E7AD /* XCRemoteSwiftPackageReference "ZipArchive" */;
			productName = ZipArchive;
		};
		985DE9742974036800F9E7AD /* FirebaseAnalytics */ = {
			isa = XCSwiftPackageProductDependency;
			package = 985DE9732974036800F9E7AD /* XCRemoteSwiftPackageReference "firebase-ios-sdk" */;
			productName = FirebaseAnalytics;
		};
		985DE9762974036800F9E7AD /* FirebaseAnalyticsSwift */ = {
			isa = XCSwiftPackageProductDependency;
			package = 985DE9732974036800F9E7AD /* XCRemoteSwiftPackageReference "firebase-ios-sdk" */;
			productName = FirebaseAnalyticsSwift;
		};
		986EE7D22A06608D00A506DF /* SwiftyStoreKit */ = {
			isa = XCSwiftPackageProductDependency;
			package = 986EE7D12A06608D00A506DF /* XCRemoteSwiftPackageReference "SwiftyStoreKit" */;
			productName = SwiftyStoreKit;
		};
		986EE7D52A06652000A506DF /* Swinject */ = {
			isa = XCSwiftPackageProductDependency;
			package = 986EE7D42A06652000A506DF /* XCRemoteSwiftPackageReference "Swinject" */;
			productName = Swinject;
		};
		98703A19297A8ABE006C805D /* ProfileOpensource */ = {
			isa = XCSwiftPackageProductDependency;
			productName = ProfileOpensource;
		};
		98935C8029744CA800AA3A29 /* DesignSystem */ = {
			isa = XCSwiftPackageProductDependency;
			productName = DesignSystem;
		};
		98A259A6297A9DEA009D3C2D /* MenualRepository */ = {
			isa = XCSwiftPackageProductDependency;
			productName = MenualRepository;
		};
		98A259A8297AA082009D3C2D /* ProfileDeveloper */ = {
			isa = XCSwiftPackageProductDependency;
			productName = ProfileDeveloper;
		};
		98A259AA297AA082009D3C2D /* ProfileHome */ = {
			isa = XCSwiftPackageProductDependency;
			productName = ProfileHome;
		};
		98A6E1E02973FDD4008CF101 /* Then */ = {
			isa = XCSwiftPackageProductDependency;
			package = 98A6E1DF2973FDD4008CF101 /* XCRemoteSwiftPackageReference "Then" */;
			productName = Then;
		};
		98A6E1E32973FDF2008CF101 /* RxCocoa */ = {
			isa = XCSwiftPackageProductDependency;
			package = 98A6E1E22973FDF2008CF101 /* XCRemoteSwiftPackageReference "RxSwift" */;
			productName = RxCocoa;
		};
		98A6E1E52973FDF2008CF101 /* RxRelay */ = {
			isa = XCSwiftPackageProductDependency;
			package = 98A6E1E22973FDF2008CF101 /* XCRemoteSwiftPackageReference "RxSwift" */;
			productName = RxRelay;
		};
		98A6E1E72973FDF2008CF101 /* RxSwift */ = {
			isa = XCSwiftPackageProductDependency;
			package = 98A6E1E22973FDF2008CF101 /* XCRemoteSwiftPackageReference "RxSwift" */;
			productName = RxSwift;
		};
		98A6E1EF2974003C008CF101 /* RIBs */ = {
			isa = XCSwiftPackageProductDependency;
			package = 98A6E1EE2974003C008CF101 /* XCRemoteSwiftPackageReference "RIBs" */;
			productName = RIBs;
		};
		98A6E1F22974005C008CF101 /* RxAppState */ = {
			isa = XCSwiftPackageProductDependency;
			package = 98A6E1F12974005C008CF101 /* XCRemoteSwiftPackageReference "RxAppState" */;
			productName = RxAppState;
		};
		98A6E1F529740075008CF101 /* SnapKit */ = {
			isa = XCSwiftPackageProductDependency;
			package = 98A6E1F429740075008CF101 /* XCRemoteSwiftPackageReference "SnapKit" */;
			productName = SnapKit;
		};
		98A6E1F829740099008CF101 /* CropViewController */ = {
			isa = XCSwiftPackageProductDependency;
			package = 98A6E1F729740099008CF101 /* XCRemoteSwiftPackageReference "TOCropViewController" */;
			productName = CropViewController;
		};
		98A6E1FA29740099008CF101 /* TOCropViewController */ = {
			isa = XCSwiftPackageProductDependency;
			package = 98A6E1F729740099008CF101 /* XCRemoteSwiftPackageReference "TOCropViewController" */;
			productName = TOCropViewController;
		};
		98A937062A061CDE00229093 /* GoogleMobileAds */ = {
			isa = XCSwiftPackageProductDependency;
			package = 98A937052A061CDE00229093 /* XCRemoteSwiftPackageReference "swift-package-manager-google-mobile-ads" */;
			productName = GoogleMobileAds;
		};
		98BAA731297A9C8B0061B891 /* ProfilePassword */ = {
			isa = XCSwiftPackageProductDependency;
			productName = ProfilePassword;
		};
		98C4767329744FC1006634A3 /* MenualUtil */ = {
			isa = XCSwiftPackageProductDependency;
			productName = MenualUtil;
		};
		98C829042A189D7200C32B7B /* Then */ = {
			isa = XCSwiftPackageProductDependency;
			package = 98C829052A189D7200C32B7B /* XCRemoteSwiftPackageReference "Then" */;
			productName = Then;
		};
		98C829062A189D7200C32B7B /* RxCocoa */ = {
			isa = XCSwiftPackageProductDependency;
			package = 98C829072A189D7200C32B7B /* XCRemoteSwiftPackageReference "RxSwift" */;
			productName = RxCocoa;
		};
		98C829082A189D7200C32B7B /* RxRelay */ = {
			isa = XCSwiftPackageProductDependency;
			package = 98C829072A189D7200C32B7B /* XCRemoteSwiftPackageReference "RxSwift" */;
			productName = RxRelay;
		};
		98C829092A189D7200C32B7B /* RxSwift */ = {
			isa = XCSwiftPackageProductDependency;
			package = 98C829072A189D7200C32B7B /* XCRemoteSwiftPackageReference "RxSwift" */;
			productName = RxSwift;
		};
		98C8290A2A189D7200C32B7B /* RIBs */ = {
			isa = XCSwiftPackageProductDependency;
			package = 98C8290B2A189D7200C32B7B /* XCRemoteSwiftPackageReference "RIBs" */;
			productName = RIBs;
		};
		98C8290C2A189D7200C32B7B /* RxAppState */ = {
			isa = XCSwiftPackageProductDependency;
			package = 98C8290D2A189D7200C32B7B /* XCRemoteSwiftPackageReference "RxAppState" */;
			productName = RxAppState;
		};
		98C8290E2A189D7200C32B7B /* SnapKit */ = {
			isa = XCSwiftPackageProductDependency;
			package = 98C8290F2A189D7200C32B7B /* XCRemoteSwiftPackageReference "SnapKit" */;
			productName = SnapKit;
		};
		98C829102A189D7200C32B7B /* CropViewController */ = {
			isa = XCSwiftPackageProductDependency;
			package = 98C829112A189D7200C32B7B /* XCRemoteSwiftPackageReference "TOCropViewController" */;
			productName = CropViewController;
		};
		98C829122A189D7200C32B7B /* TOCropViewController */ = {
			isa = XCSwiftPackageProductDependency;
			package = 98C829112A189D7200C32B7B /* XCRemoteSwiftPackageReference "TOCropViewController" */;
			productName = TOCropViewController;
		};
		98C829132A189D7200C32B7B /* Realm */ = {
			isa = XCSwiftPackageProductDependency;
			package = 98C829142A189D7200C32B7B /* XCRemoteSwiftPackageReference "realm-swift" */;
			productName = Realm;
		};
		98C829152A189D7200C32B7B /* RealmSwift */ = {
			isa = XCSwiftPackageProductDependency;
			package = 98C829142A189D7200C32B7B /* XCRemoteSwiftPackageReference "realm-swift" */;
			productName = RealmSwift;
		};
		98C829162A189D7200C32B7B /* ZipArchive */ = {
			isa = XCSwiftPackageProductDependency;
			package = 98C829172A189D7200C32B7B /* XCRemoteSwiftPackageReference "ZipArchive" */;
			productName = ZipArchive;
		};
		98C829182A189D7200C32B7B /* FirebaseAnalytics */ = {
			isa = XCSwiftPackageProductDependency;
			package = 98C829192A189D7200C32B7B /* XCRemoteSwiftPackageReference "firebase-ios-sdk" */;
			productName = FirebaseAnalytics;
		};
		98C8291A2A189D7200C32B7B /* FirebaseAnalyticsSwift */ = {
			isa = XCSwiftPackageProductDependency;
			package = 98C829192A189D7200C32B7B /* XCRemoteSwiftPackageReference "firebase-ios-sdk" */;
			productName = FirebaseAnalyticsSwift;
		};
		98C8291B2A189D7200C32B7B /* DesignSystem */ = {
			isa = XCSwiftPackageProductDependency;
			productName = DesignSystem;
		};
		98C8291C2A189D7200C32B7B /* MenualUtil */ = {
			isa = XCSwiftPackageProductDependency;
			productName = MenualUtil;
		};
		98C8291D2A189D7200C32B7B /* MenualEntity */ = {
			isa = XCSwiftPackageProductDependency;
			productName = MenualEntity;
		};
		98C8291E2A189D7200C32B7B /* ProfileOpensource */ = {
			isa = XCSwiftPackageProductDependency;
			productName = ProfileOpensource;
		};
		98C8291F2A189D7200C32B7B /* ProfilePassword */ = {
			isa = XCSwiftPackageProductDependency;
			productName = ProfilePassword;
		};
		98C829202A189D7200C32B7B /* MenualRepository */ = {
			isa = XCSwiftPackageProductDependency;
			productName = MenualRepository;
		};
		98C829212A189D7200C32B7B /* ProfileDeveloper */ = {
			isa = XCSwiftPackageProductDependency;
			productName = ProfileDeveloper;
		};
		98C829222A189D7200C32B7B /* ProfileHome */ = {
			isa = XCSwiftPackageProductDependency;
			productName = ProfileHome;
		};
		98C829232A189D7200C32B7B /* DiaryBottomSheet */ = {
			isa = XCSwiftPackageProductDependency;
			productName = DiaryBottomSheet;
		};
		98C829242A189D7200C32B7B /* DiaryDetail */ = {
			isa = XCSwiftPackageProductDependency;
			productName = DiaryDetail;
		};
		98C829252A189D7200C32B7B /* DiaryDetailImage */ = {
			isa = XCSwiftPackageProductDependency;
			productName = DiaryDetailImage;
		};
		98C829262A189D7200C32B7B /* DiaryHome */ = {
			isa = XCSwiftPackageProductDependency;
			productName = DiaryHome;
		};
		98C829272A189D7200C32B7B /* DiarySearch */ = {
			isa = XCSwiftPackageProductDependency;
			productName = DiarySearch;
		};
		98C829282A189D7200C32B7B /* DiaryTempSave */ = {
			isa = XCSwiftPackageProductDependency;
			productName = DiaryTempSave;
		};
		98C829292A189D7200C32B7B /* DiaryWriting */ = {
			isa = XCSwiftPackageProductDependency;
			productName = DiaryWriting;
		};
		98C8292A2A189D7200C32B7B /* ProfileDesignSystem */ = {
			isa = XCSwiftPackageProductDependency;
			productName = ProfileDesignSystem;
		};
		98C8292B2A189D7200C32B7B /* PinLayout */ = {
			isa = XCSwiftPackageProductDependency;
			package = 98C8292C2A189D7200C32B7B /* XCRemoteSwiftPackageReference "PinLayout" */;
			productName = PinLayout;
		};
		98C8292D2A189D7200C32B7B /* MenualRepositoryTestSupport */ = {
			isa = XCSwiftPackageProductDependency;
			productName = MenualRepositoryTestSupport;
		};
		98C8292E2A189D7200C32B7B /* GoogleMobileAds */ = {
			isa = XCSwiftPackageProductDependency;
			package = 98C8292F2A189D7200C32B7B /* XCRemoteSwiftPackageReference "swift-package-manager-google-mobile-ads" */;
			productName = GoogleMobileAds;
		};
		98C829302A189D7200C32B7B /* SwiftyStoreKit */ = {
			isa = XCSwiftPackageProductDependency;
			package = 98C829312A189D7200C32B7B /* XCRemoteSwiftPackageReference "SwiftyStoreKit" */;
			productName = SwiftyStoreKit;
		};
		98C829322A189D7200C32B7B /* Swinject */ = {
			isa = XCSwiftPackageProductDependency;
			package = 98C829332A189D7200C32B7B /* XCRemoteSwiftPackageReference "Swinject" */;
			productName = Swinject;
		};
		98CE6E89297D015B00465329 /* PinLayout */ = {
			isa = XCSwiftPackageProductDependency;
			package = 98CE6E88297D015B00465329 /* XCRemoteSwiftPackageReference "PinLayout" */;
			productName = PinLayout;
		};
		98E2A05E297A7A4700A623D2 /* MenualEntity */ = {
			isa = XCSwiftPackageProductDependency;
			productName = MenualEntity;
		};
/* End XCSwiftPackageProductDependency section */
	};
	rootObject = 9888DDD127646EFF0091918F /* Project object */;
}
